// !$*UTF8*$!
{
	archiveVersion = 1;
	classes = {
	};
	objectVersion = 46;
	objects = {

/* Begin PBXAggregateTarget section */
		0864CD211B41F107002F10A1 /* UniveralLib */ = {
			isa = PBXAggregateTarget;
			buildConfigurationList = 0864CD241B41F107002F10A1 /* Build configuration list for PBXAggregateTarget "UniveralLib" */;
			buildPhases = (
				0864CD251B41F16E002F10A1 /* ShellScript */,
			);
			dependencies = (
			);
			name = UniveralLib;
			productName = UniveralLib;
		};
/* End PBXAggregateTarget section */

/* Begin PBXBuildFile section */
		083115051B4C4A8500F20E99 /* JSONModelLib.h in Headers */ = {isa = PBXBuildFile; fileRef = 083115041B4C4A8500F20E99 /* JSONModelLib.h */; };
		084794B11B43503300DA86AC /* TradeitStockOrEtfOrderPrice.h in Headers */ = {isa = PBXBuildFile; fileRef = 08CD8BA21B338B5A00F7E530 /* TradeitStockOrEtfOrderPrice.h */; settings = {ATTRIBUTES = (Public, ); }; };
		084794B21B43503700DA86AC /* TradeItStockOrEtfOrderInfo.h in Headers */ = {isa = PBXBuildFile; fileRef = 08CD8BA11B338B5A00F7E530 /* TradeItStockOrEtfOrderInfo.h */; settings = {ATTRIBUTES = (Public, ); }; };
		084794B31B43503C00DA86AC /* TradeItAuthenticationInfo.h in Headers */ = {isa = PBXBuildFile; fileRef = 08CD8BA51B338B5A00F7E530 /* TradeItAuthenticationInfo.h */; settings = {ATTRIBUTES = (Public, ); }; };
		084794B41B43505300DA86AC /* TradeItResult.h in Headers */ = {isa = PBXBuildFile; fileRef = 0866079C1B39BEA800B66D81 /* TradeItResult.h */; settings = {ATTRIBUTES = (Public, ); }; };
		084794B51B43505A00DA86AC /* TradeItStockOrEtfTradeSuccessResult.h in Headers */ = {isa = PBXBuildFile; fileRef = 086607A01B39E04100B66D81 /* TradeItStockOrEtfTradeSuccessResult.h */; settings = {ATTRIBUTES = (Public, ); }; };
		084794B61B43505E00DA86AC /* TradeItStockOrEtfTradeReviewResult.h in Headers */ = {isa = PBXBuildFile; fileRef = 086607A31B39E78A00B66D81 /* TradeItStockOrEtfTradeReviewResult.h */; settings = {ATTRIBUTES = (Public, ); }; };
		084794B71B43506900DA86AC /* TradeItStockOrEtfTradeReviewOrderDetails.h in Headers */ = {isa = PBXBuildFile; fileRef = 086607A61B39E83A00B66D81 /* TradeItStockOrEtfTradeReviewOrderDetails.h */; settings = {ATTRIBUTES = (Public, ); }; };
		084794B81B43506F00DA86AC /* TradeItSecurityQuestionResult.h in Headers */ = {isa = PBXBuildFile; fileRef = 086607A91B3B03AC00B66D81 /* TradeItSecurityQuestionResult.h */; settings = {ATTRIBUTES = (Public, ); }; };
		084794B91B43507200DA86AC /* TradeItMultipleAccountResult.h in Headers */ = {isa = PBXBuildFile; fileRef = 086607AC1B3B2C0D00B66D81 /* TradeItMultipleAccountResult.h */; settings = {ATTRIBUTES = (Public, ); }; };
		084794BA1B43507500DA86AC /* TradeItErrorResult.h in Headers */ = {isa = PBXBuildFile; fileRef = 08EDE0891B3DC64700D74866 /* TradeItErrorResult.h */; settings = {ATTRIBUTES = (Public, ); }; };
		084794BB1B43508F00DA86AC /* TradeItInformationNeededResult.h in Headers */ = {isa = PBXBuildFile; fileRef = 08EDE08C1B3DE00C00D74866 /* TradeItInformationNeededResult.h */; settings = {ATTRIBUTES = (Public, ); }; };
		0864CD281B4200D1002F10A1 /* TradeItStockOrEtfTradeSession.h in Headers */ = {isa = PBXBuildFile; fileRef = 08CD8BA61B338B5A00F7E530 /* TradeItStockOrEtfTradeSession.h */; settings = {ATTRIBUTES = (Public, ); }; };
		0866079E1B39BEA800B66D81 /* TradeItResult.m in Sources */ = {isa = PBXBuildFile; fileRef = 0866079D1B39BEA800B66D81 /* TradeItResult.m */; };
		086607A21B39E04100B66D81 /* TradeItStockOrEtfTradeSuccessResult.m in Sources */ = {isa = PBXBuildFile; fileRef = 086607A11B39E04100B66D81 /* TradeItStockOrEtfTradeSuccessResult.m */; };
		086607A51B39E78A00B66D81 /* TradeItStockOrEtfTradeReviewResult.m in Sources */ = {isa = PBXBuildFile; fileRef = 086607A41B39E78A00B66D81 /* TradeItStockOrEtfTradeReviewResult.m */; };
		086607A81B39E83A00B66D81 /* TradeItStockOrEtfTradeReviewOrderDetails.m in Sources */ = {isa = PBXBuildFile; fileRef = 086607A71B39E83A00B66D81 /* TradeItStockOrEtfTradeReviewOrderDetails.m */; };
		086607AB1B3B03AC00B66D81 /* TradeItSecurityQuestionResult.m in Sources */ = {isa = PBXBuildFile; fileRef = 086607AA1B3B03AC00B66D81 /* TradeItSecurityQuestionResult.m */; };
		086607AE1B3B2C0D00B66D81 /* TradeItMultipleAccountResult.m in Sources */ = {isa = PBXBuildFile; fileRef = 086607AD1B3B2C0D00B66D81 /* TradeItMultipleAccountResult.m */; };
		086607B81B3B3FFF00B66D81 /* TradeItStockOrEtfAuthenticateAndTradeRequest.m in Sources */ = {isa = PBXBuildFile; fileRef = 086607B71B3B3FFF00B66D81 /* TradeItStockOrEtfAuthenticateAndTradeRequest.m */; };
		087A79381B4C4E800083E804 /* JSONModel.h in Headers */ = {isa = PBXBuildFile; fileRef = 087A79371B4C4E800083E804 /* JSONModel.h */; settings = {ATTRIBUTES = (Public, ); }; };
		087A793A1B4C4EAA0083E804 /* JSONValueTransformer.h in Headers */ = {isa = PBXBuildFile; fileRef = 087A79391B4C4EAA0083E804 /* JSONValueTransformer.h */; settings = {ATTRIBUTES = (Public, ); }; };
		087A793C1B4C4EBF0083E804 /* NSArray+JSONModel.h in Headers */ = {isa = PBXBuildFile; fileRef = 087A793B1B4C4EBF0083E804 /* NSArray+JSONModel.h */; settings = {ATTRIBUTES = (Public, ); }; };
		087A793E1B4C4ECF0083E804 /* JSONModelClassProperty.h in Headers */ = {isa = PBXBuildFile; fileRef = 087A793D1B4C4ECF0083E804 /* JSONModelClassProperty.h */; settings = {ATTRIBUTES = (Public, ); }; };
		087A79401B4C4EDE0083E804 /* JSONModelError.h in Headers */ = {isa = PBXBuildFile; fileRef = 087A793F1B4C4EDE0083E804 /* JSONModelError.h */; settings = {ATTRIBUTES = (Public, ); }; };
		087A79431B4C4F560083E804 /* JSONKeyMapper.h in Headers */ = {isa = PBXBuildFile; fileRef = 087A79421B4C4F560083E804 /* JSONKeyMapper.h */; settings = {ATTRIBUTES = (Public, ); }; };
		087A79451B4C4F650083E804 /* JSONModelArray.h in Headers */ = {isa = PBXBuildFile; fileRef = 087A79441B4C4F650083E804 /* JSONModelArray.h */; settings = {ATTRIBUTES = (Public, ); }; };
		08CD8B911B338A7500F7E530 /* libTradeItIosEmsApi.a in Frameworks */ = {isa = PBXBuildFile; fileRef = 08CD8B851B338A7500F7E530 /* libTradeItIosEmsApi.a */; };
		08CD8BA71B338B5A00F7E530 /* TradeitStockOrEtfOrderPrice.m in Sources */ = {isa = PBXBuildFile; fileRef = 08CD8B9F1B338B5A00F7E530 /* TradeitStockOrEtfOrderPrice.m */; };
		08CD8BA81B338B5A00F7E530 /* TradeItStockOrEtfOrderInfo.m in Sources */ = {isa = PBXBuildFile; fileRef = 08CD8BA01B338B5A00F7E530 /* TradeItStockOrEtfOrderInfo.m */; };
		08CD8BA91B338B5A00F7E530 /* TradeItAuthenticationInfo.m in Sources */ = {isa = PBXBuildFile; fileRef = 08CD8BA31B338B5A00F7E530 /* TradeItAuthenticationInfo.m */; };
		08CD8BAA1B338B5A00F7E530 /* TradeItStockOrEtfTradeSession.m in Sources */ = {isa = PBXBuildFile; fileRef = 08CD8BA41B338B5A00F7E530 /* TradeItStockOrEtfTradeSession.m */; };
		08CD8BAC1B338BAC00F7E530 /* StockOrEtfTradeTest.m in Sources */ = {isa = PBXBuildFile; fileRef = 08CD8BAB1B338BAC00F7E530 /* StockOrEtfTradeTest.m */; };
		08D4616F1B4D5E6F001F50E8 /* TradeItIosEmsApiLib.h in Headers */ = {isa = PBXBuildFile; fileRef = 08D4616E1B4D5DE9001F50E8 /* TradeItIosEmsApiLib.h */; settings = {ATTRIBUTES = (Public, ); }; };
		08EDE08B1B3DC64700D74866 /* TradeItErrorResult.m in Sources */ = {isa = PBXBuildFile; fileRef = 08EDE08A1B3DC64700D74866 /* TradeItErrorResult.m */; };
		08EDE08E1B3DE00C00D74866 /* TradeItInformationNeededResult.m in Sources */ = {isa = PBXBuildFile; fileRef = 08EDE08D1B3DE00C00D74866 /* TradeItInformationNeededResult.m */; };
		08EDE0911B3DFFEF00D74866 /* TradeItRequest.m in Sources */ = {isa = PBXBuildFile; fileRef = 08EDE0901B3DFFEF00D74866 /* TradeItRequest.m */; };
		08EDE0941B3E023300D74866 /* TradeItSecurityQuestionRequest.m in Sources */ = {isa = PBXBuildFile; fileRef = 08EDE0931B3E023300D74866 /* TradeItSecurityQuestionRequest.m */; };
		08EDE0971B3E025000D74866 /* TradeItSelectAccountRequest.m in Sources */ = {isa = PBXBuildFile; fileRef = 08EDE0961B3E025000D74866 /* TradeItSelectAccountRequest.m */; };
		08EDE09A1B3E027900D74866 /* TradeItPlaceOrderRequest.m in Sources */ = {isa = PBXBuildFile; fileRef = 08EDE0991B3E027900D74866 /* TradeItPlaceOrderRequest.m */; };
		08EDE09D1B3E02FE00D74866 /* TradeItCloseSessionRequest.m in Sources */ = {isa = PBXBuildFile; fileRef = 08EDE09C1B3E02FE00D74866 /* TradeItCloseSessionRequest.m */; };
		0BD1C65B6F62D0995E44D501 /* libPods-TradeItIosEmsApi.a in Frameworks */ = {isa = PBXBuildFile; fileRef = 8EC8B88CB3E3E48CA7F00C9B /* libPods-TradeItIosEmsApi.a */; };
		4AF1E0E610E594A9D132BA49 /* libPods-TradeItIosEmsApiTests.a in Frameworks */ = {isa = PBXBuildFile; fileRef = 833EA34C167B3AF88A6709C2 /* libPods-TradeItIosEmsApiTests.a */; };
/* End PBXBuildFile section */

/* Begin PBXContainerItemProxy section */
		08CD8B921B338A7500F7E530 /* PBXContainerItemProxy */ = {
			isa = PBXContainerItemProxy;
			containerPortal = 08CD8B7D1B338A7500F7E530 /* Project object */;
			proxyType = 1;
			remoteGlobalIDString = 08CD8B841B338A7500F7E530;
			remoteInfo = TradeItIosEmsApi;
		};
/* End PBXContainerItemProxy section */

/* Begin PBXCopyFilesBuildPhase section */
		08CD8B831B338A7500F7E530 /* CopyFiles */ = {
			isa = PBXCopyFilesBuildPhase;
			buildActionMask = 2147483647;
			dstPath = "include/$(PRODUCT_NAME)";
			dstSubfolderSpec = 16;
			files = (
			);
			runOnlyForDeploymentPostprocessing = 0;
		};
/* End PBXCopyFilesBuildPhase section */

/* Begin PBXFileReference section */
		083115041B4C4A8500F20E99 /* JSONModelLib.h */ = {isa = PBXFileReference; lastKnownFileType = sourcecode.c.h; name = JSONModelLib.h; path = Pods/JSONModel/JSONModel/JSONModelLib.h; sourceTree = "<group>"; };
		0866079C1B39BEA800B66D81 /* TradeItResult.h */ = {isa = PBXFileReference; fileEncoding = 4; lastKnownFileType = sourcecode.c.h; path = TradeItResult.h; sourceTree = "<group>"; };
		0866079D1B39BEA800B66D81 /* TradeItResult.m */ = {isa = PBXFileReference; fileEncoding = 4; lastKnownFileType = sourcecode.c.objc; path = TradeItResult.m; sourceTree = "<group>"; };
		086607A01B39E04100B66D81 /* TradeItStockOrEtfTradeSuccessResult.h */ = {isa = PBXFileReference; fileEncoding = 4; lastKnownFileType = sourcecode.c.h; path = TradeItStockOrEtfTradeSuccessResult.h; sourceTree = "<group>"; };
		086607A11B39E04100B66D81 /* TradeItStockOrEtfTradeSuccessResult.m */ = {isa = PBXFileReference; fileEncoding = 4; lastKnownFileType = sourcecode.c.objc; path = TradeItStockOrEtfTradeSuccessResult.m; sourceTree = "<group>"; };
		086607A31B39E78A00B66D81 /* TradeItStockOrEtfTradeReviewResult.h */ = {isa = PBXFileReference; fileEncoding = 4; lastKnownFileType = sourcecode.c.h; path = TradeItStockOrEtfTradeReviewResult.h; sourceTree = "<group>"; };
		086607A41B39E78A00B66D81 /* TradeItStockOrEtfTradeReviewResult.m */ = {isa = PBXFileReference; fileEncoding = 4; lastKnownFileType = sourcecode.c.objc; path = TradeItStockOrEtfTradeReviewResult.m; sourceTree = "<group>"; };
		086607A61B39E83A00B66D81 /* TradeItStockOrEtfTradeReviewOrderDetails.h */ = {isa = PBXFileReference; fileEncoding = 4; lastKnownFileType = sourcecode.c.h; path = TradeItStockOrEtfTradeReviewOrderDetails.h; sourceTree = "<group>"; };
		086607A71B39E83A00B66D81 /* TradeItStockOrEtfTradeReviewOrderDetails.m */ = {isa = PBXFileReference; fileEncoding = 4; lastKnownFileType = sourcecode.c.objc; path = TradeItStockOrEtfTradeReviewOrderDetails.m; sourceTree = "<group>"; };
		086607A91B3B03AC00B66D81 /* TradeItSecurityQuestionResult.h */ = {isa = PBXFileReference; fileEncoding = 4; lastKnownFileType = sourcecode.c.h; path = TradeItSecurityQuestionResult.h; sourceTree = "<group>"; };
		086607AA1B3B03AC00B66D81 /* TradeItSecurityQuestionResult.m */ = {isa = PBXFileReference; fileEncoding = 4; lastKnownFileType = sourcecode.c.objc; path = TradeItSecurityQuestionResult.m; sourceTree = "<group>"; };
		086607AC1B3B2C0D00B66D81 /* TradeItMultipleAccountResult.h */ = {isa = PBXFileReference; fileEncoding = 4; lastKnownFileType = sourcecode.c.h; path = TradeItMultipleAccountResult.h; sourceTree = "<group>"; };
		086607AD1B3B2C0D00B66D81 /* TradeItMultipleAccountResult.m */ = {isa = PBXFileReference; fileEncoding = 4; lastKnownFileType = sourcecode.c.objc; path = TradeItMultipleAccountResult.m; sourceTree = "<group>"; };
		086607B61B3B3FFF00B66D81 /* TradeItStockOrEtfAuthenticateAndTradeRequest.h */ = {isa = PBXFileReference; fileEncoding = 4; lastKnownFileType = sourcecode.c.h; path = TradeItStockOrEtfAuthenticateAndTradeRequest.h; sourceTree = "<group>"; };
		086607B71B3B3FFF00B66D81 /* TradeItStockOrEtfAuthenticateAndTradeRequest.m */ = {isa = PBXFileReference; fileEncoding = 4; lastKnownFileType = sourcecode.c.objc; path = TradeItStockOrEtfAuthenticateAndTradeRequest.m; sourceTree = "<group>"; };
		087A79371B4C4E800083E804 /* JSONModel.h */ = {isa = PBXFileReference; lastKnownFileType = sourcecode.c.h; name = JSONModel.h; path = Pods/JSONModel/JSONModel/JSONModel/JSONModel.h; sourceTree = "<group>"; };
		087A79391B4C4EAA0083E804 /* JSONValueTransformer.h */ = {isa = PBXFileReference; lastKnownFileType = sourcecode.c.h; name = JSONValueTransformer.h; path = Pods/JSONModel/JSONModel/JSONModelTransformations/JSONValueTransformer.h; sourceTree = "<group>"; };
		087A793B1B4C4EBF0083E804 /* NSArray+JSONModel.h */ = {isa = PBXFileReference; lastKnownFileType = sourcecode.c.h; name = "NSArray+JSONModel.h"; path = "Pods/JSONModel/JSONModel/JSONModelCategories/NSArray+JSONModel.h"; sourceTree = "<group>"; };
		087A793D1B4C4ECF0083E804 /* JSONModelClassProperty.h */ = {isa = PBXFileReference; lastKnownFileType = sourcecode.c.h; name = JSONModelClassProperty.h; path = Pods/JSONModel/JSONModel/JSONModel/JSONModelClassProperty.h; sourceTree = "<group>"; };
		087A793F1B4C4EDE0083E804 /* JSONModelError.h */ = {isa = PBXFileReference; lastKnownFileType = sourcecode.c.h; name = JSONModelError.h; path = Pods/JSONModel/JSONModel/JSONModel/JSONModelError.h; sourceTree = "<group>"; };
		087A79411B4C4F460083E804 /* JSONModelError.h */ = {isa = PBXFileReference; lastKnownFileType = sourcecode.c.h; name = JSONModelError.h; path = Pods/JSONModel/JSONModel/JSONModel/JSONModelError.h; sourceTree = "<group>"; };
		087A79421B4C4F560083E804 /* JSONKeyMapper.h */ = {isa = PBXFileReference; lastKnownFileType = sourcecode.c.h; name = JSONKeyMapper.h; path = Pods/JSONModel/JSONModel/JSONModelTransformations/JSONKeyMapper.h; sourceTree = "<group>"; };
		087A79441B4C4F650083E804 /* JSONModelArray.h */ = {isa = PBXFileReference; lastKnownFileType = sourcecode.c.h; name = JSONModelArray.h; path = Pods/JSONModel/JSONModel/JSONModel/JSONModelArray.h; sourceTree = "<group>"; };
		08CD8B851B338A7500F7E530 /* libTradeItIosEmsApi.a */ = {isa = PBXFileReference; explicitFileType = archive.ar; includeInIndex = 0; path = libTradeItIosEmsApi.a; sourceTree = BUILT_PRODUCTS_DIR; };
		08CD8B901B338A7500F7E530 /* TradeItIosEmsApiTests.xctest */ = {isa = PBXFileReference; explicitFileType = wrapper.cfbundle; includeInIndex = 0; path = TradeItIosEmsApiTests.xctest; sourceTree = BUILT_PRODUCTS_DIR; };
		08CD8B961B338A7500F7E530 /* Info.plist */ = {isa = PBXFileReference; lastKnownFileType = text.plist.xml; path = Info.plist; sourceTree = "<group>"; };
		08CD8B9F1B338B5A00F7E530 /* TradeitStockOrEtfOrderPrice.m */ = {isa = PBXFileReference; fileEncoding = 4; lastKnownFileType = sourcecode.c.objc; path = TradeitStockOrEtfOrderPrice.m; sourceTree = "<group>"; };
		08CD8BA01B338B5A00F7E530 /* TradeItStockOrEtfOrderInfo.m */ = {isa = PBXFileReference; fileEncoding = 4; lastKnownFileType = sourcecode.c.objc; path = TradeItStockOrEtfOrderInfo.m; sourceTree = "<group>"; };
		08CD8BA11B338B5A00F7E530 /* TradeItStockOrEtfOrderInfo.h */ = {isa = PBXFileReference; fileEncoding = 4; lastKnownFileType = sourcecode.c.h; path = TradeItStockOrEtfOrderInfo.h; sourceTree = "<group>"; };
		08CD8BA21B338B5A00F7E530 /* TradeitStockOrEtfOrderPrice.h */ = {isa = PBXFileReference; fileEncoding = 4; lastKnownFileType = sourcecode.c.h; path = TradeitStockOrEtfOrderPrice.h; sourceTree = "<group>"; };
		08CD8BA31B338B5A00F7E530 /* TradeItAuthenticationInfo.m */ = {isa = PBXFileReference; fileEncoding = 4; lastKnownFileType = sourcecode.c.objc; path = TradeItAuthenticationInfo.m; sourceTree = "<group>"; };
		08CD8BA41B338B5A00F7E530 /* TradeItStockOrEtfTradeSession.m */ = {isa = PBXFileReference; fileEncoding = 4; lastKnownFileType = sourcecode.c.objc; path = TradeItStockOrEtfTradeSession.m; sourceTree = "<group>"; };
		08CD8BA51B338B5A00F7E530 /* TradeItAuthenticationInfo.h */ = {isa = PBXFileReference; fileEncoding = 4; lastKnownFileType = sourcecode.c.h; path = TradeItAuthenticationInfo.h; sourceTree = "<group>"; };
		08CD8BA61B338B5A00F7E530 /* TradeItStockOrEtfTradeSession.h */ = {isa = PBXFileReference; fileEncoding = 4; lastKnownFileType = sourcecode.c.h; path = TradeItStockOrEtfTradeSession.h; sourceTree = "<group>"; };
		08CD8BAB1B338BAC00F7E530 /* StockOrEtfTradeTest.m */ = {isa = PBXFileReference; fileEncoding = 4; lastKnownFileType = sourcecode.c.objc; path = StockOrEtfTradeTest.m; sourceTree = "<group>"; };
		08D4616E1B4D5DE9001F50E8 /* TradeItIosEmsApiLib.h */ = {isa = PBXFileReference; lastKnownFileType = sourcecode.c.h; path = TradeItIosEmsApiLib.h; sourceTree = "<group>"; };
		08EDE0891B3DC64700D74866 /* TradeItErrorResult.h */ = {isa = PBXFileReference; fileEncoding = 4; lastKnownFileType = sourcecode.c.h; path = TradeItErrorResult.h; sourceTree = "<group>"; };
		08EDE08A1B3DC64700D74866 /* TradeItErrorResult.m */ = {isa = PBXFileReference; fileEncoding = 4; lastKnownFileType = sourcecode.c.objc; path = TradeItErrorResult.m; sourceTree = "<group>"; };
		08EDE08C1B3DE00C00D74866 /* TradeItInformationNeededResult.h */ = {isa = PBXFileReference; fileEncoding = 4; lastKnownFileType = sourcecode.c.h; path = TradeItInformationNeededResult.h; sourceTree = "<group>"; };
		08EDE08D1B3DE00C00D74866 /* TradeItInformationNeededResult.m */ = {isa = PBXFileReference; fileEncoding = 4; lastKnownFileType = sourcecode.c.objc; path = TradeItInformationNeededResult.m; sourceTree = "<group>"; };
		08EDE08F1B3DFFEF00D74866 /* TradeItRequest.h */ = {isa = PBXFileReference; fileEncoding = 4; lastKnownFileType = sourcecode.c.h; path = TradeItRequest.h; sourceTree = "<group>"; };
		08EDE0901B3DFFEF00D74866 /* TradeItRequest.m */ = {isa = PBXFileReference; fileEncoding = 4; lastKnownFileType = sourcecode.c.objc; path = TradeItRequest.m; sourceTree = "<group>"; };
		08EDE0921B3E023300D74866 /* TradeItSecurityQuestionRequest.h */ = {isa = PBXFileReference; fileEncoding = 4; lastKnownFileType = sourcecode.c.h; path = TradeItSecurityQuestionRequest.h; sourceTree = "<group>"; };
		08EDE0931B3E023300D74866 /* TradeItSecurityQuestionRequest.m */ = {isa = PBXFileReference; fileEncoding = 4; lastKnownFileType = sourcecode.c.objc; path = TradeItSecurityQuestionRequest.m; sourceTree = "<group>"; };
		08EDE0951B3E025000D74866 /* TradeItSelectAccountRequest.h */ = {isa = PBXFileReference; fileEncoding = 4; lastKnownFileType = sourcecode.c.h; path = TradeItSelectAccountRequest.h; sourceTree = "<group>"; };
		08EDE0961B3E025000D74866 /* TradeItSelectAccountRequest.m */ = {isa = PBXFileReference; fileEncoding = 4; lastKnownFileType = sourcecode.c.objc; path = TradeItSelectAccountRequest.m; sourceTree = "<group>"; };
		08EDE0981B3E027900D74866 /* TradeItPlaceOrderRequest.h */ = {isa = PBXFileReference; fileEncoding = 4; lastKnownFileType = sourcecode.c.h; path = TradeItPlaceOrderRequest.h; sourceTree = "<group>"; };
		08EDE0991B3E027900D74866 /* TradeItPlaceOrderRequest.m */ = {isa = PBXFileReference; fileEncoding = 4; lastKnownFileType = sourcecode.c.objc; path = TradeItPlaceOrderRequest.m; sourceTree = "<group>"; };
		08EDE09B1B3E02FE00D74866 /* TradeItCloseSessionRequest.h */ = {isa = PBXFileReference; fileEncoding = 4; lastKnownFileType = sourcecode.c.h; path = TradeItCloseSessionRequest.h; sourceTree = "<group>"; };
		08EDE09C1B3E02FE00D74866 /* TradeItCloseSessionRequest.m */ = {isa = PBXFileReference; fileEncoding = 4; lastKnownFileType = sourcecode.c.objc; path = TradeItCloseSessionRequest.m; sourceTree = "<group>"; };
		6D11DB5621EA209753789103 /* Pods-TradeItIosEmsApi.release.xcconfig */ = {isa = PBXFileReference; includeInIndex = 1; lastKnownFileType = text.xcconfig; name = "Pods-TradeItIosEmsApi.release.xcconfig"; path = "Pods/Target Support Files/Pods-TradeItIosEmsApi/Pods-TradeItIosEmsApi.release.xcconfig"; sourceTree = "<group>"; };
		7CCAFB7AFE42FC8A1A937FC1 /* Pods-TradeItIosEmsApiTests.release.xcconfig */ = {isa = PBXFileReference; includeInIndex = 1; lastKnownFileType = text.xcconfig; name = "Pods-TradeItIosEmsApiTests.release.xcconfig"; path = "Pods/Target Support Files/Pods-TradeItIosEmsApiTests/Pods-TradeItIosEmsApiTests.release.xcconfig"; sourceTree = "<group>"; };
		833EA34C167B3AF88A6709C2 /* libPods-TradeItIosEmsApiTests.a */ = {isa = PBXFileReference; explicitFileType = archive.ar; includeInIndex = 0; path = "libPods-TradeItIosEmsApiTests.a"; sourceTree = BUILT_PRODUCTS_DIR; };
		839C17F4A7532133BF03B9D8 /* Pods-TradeItIosEmsApi.debug.xcconfig */ = {isa = PBXFileReference; includeInIndex = 1; lastKnownFileType = text.xcconfig; name = "Pods-TradeItIosEmsApi.debug.xcconfig"; path = "Pods/Target Support Files/Pods-TradeItIosEmsApi/Pods-TradeItIosEmsApi.debug.xcconfig"; sourceTree = "<group>"; };
		8EC8B88CB3E3E48CA7F00C9B /* libPods-TradeItIosEmsApi.a */ = {isa = PBXFileReference; explicitFileType = archive.ar; includeInIndex = 0; path = "libPods-TradeItIosEmsApi.a"; sourceTree = BUILT_PRODUCTS_DIR; };
		D44B291CDB1F82D18ACB4ECD /* Pods-TradeItIosEmsApiTests.debug.xcconfig */ = {isa = PBXFileReference; includeInIndex = 1; lastKnownFileType = text.xcconfig; name = "Pods-TradeItIosEmsApiTests.debug.xcconfig"; path = "Pods/Target Support Files/Pods-TradeItIosEmsApiTests/Pods-TradeItIosEmsApiTests.debug.xcconfig"; sourceTree = "<group>"; };
/* End PBXFileReference section */

/* Begin PBXFrameworksBuildPhase section */
		08CD8B821B338A7500F7E530 /* Frameworks */ = {
			isa = PBXFrameworksBuildPhase;
			buildActionMask = 2147483647;
			files = (
				0BD1C65B6F62D0995E44D501 /* libPods-TradeItIosEmsApi.a in Frameworks */,
			);
			runOnlyForDeploymentPostprocessing = 0;
		};
		08CD8B8D1B338A7500F7E530 /* Frameworks */ = {
			isa = PBXFrameworksBuildPhase;
			buildActionMask = 2147483647;
			files = (
				08CD8B911B338A7500F7E530 /* libTradeItIosEmsApi.a in Frameworks */,
				4AF1E0E610E594A9D132BA49 /* libPods-TradeItIosEmsApiTests.a in Frameworks */,
			);
			runOnlyForDeploymentPostprocessing = 0;
		};
/* End PBXFrameworksBuildPhase section */

/* Begin PBXGroup section */
		0866079F1B39DF4900B66D81 /* Result */ = {
			isa = PBXGroup;
			children = (
				0866079C1B39BEA800B66D81 /* TradeItResult.h */,
				0866079D1B39BEA800B66D81 /* TradeItResult.m */,
				086607A01B39E04100B66D81 /* TradeItStockOrEtfTradeSuccessResult.h */,
				086607A11B39E04100B66D81 /* TradeItStockOrEtfTradeSuccessResult.m */,
				086607A31B39E78A00B66D81 /* TradeItStockOrEtfTradeReviewResult.h */,
				086607A41B39E78A00B66D81 /* TradeItStockOrEtfTradeReviewResult.m */,
				086607A61B39E83A00B66D81 /* TradeItStockOrEtfTradeReviewOrderDetails.h */,
				086607A71B39E83A00B66D81 /* TradeItStockOrEtfTradeReviewOrderDetails.m */,
				086607A91B3B03AC00B66D81 /* TradeItSecurityQuestionResult.h */,
				086607AA1B3B03AC00B66D81 /* TradeItSecurityQuestionResult.m */,
				086607AC1B3B2C0D00B66D81 /* TradeItMultipleAccountResult.h */,
				086607AD1B3B2C0D00B66D81 /* TradeItMultipleAccountResult.m */,
				08EDE0891B3DC64700D74866 /* TradeItErrorResult.h */,
				08EDE08A1B3DC64700D74866 /* TradeItErrorResult.m */,
				08EDE08C1B3DE00C00D74866 /* TradeItInformationNeededResult.h */,
				08EDE08D1B3DE00C00D74866 /* TradeItInformationNeededResult.m */,
			);
			name = Result;
			sourceTree = "<group>";
		};
		086607B21B3B3F0700B66D81 /* Request */ = {
			isa = PBXGroup;
			children = (
				08CD8BA21B338B5A00F7E530 /* TradeitStockOrEtfOrderPrice.h */,
				08CD8B9F1B338B5A00F7E530 /* TradeitStockOrEtfOrderPrice.m */,
				08CD8BA11B338B5A00F7E530 /* TradeItStockOrEtfOrderInfo.h */,
				08CD8BA01B338B5A00F7E530 /* TradeItStockOrEtfOrderInfo.m */,
				08CD8BA51B338B5A00F7E530 /* TradeItAuthenticationInfo.h */,
				08CD8BA31B338B5A00F7E530 /* TradeItAuthenticationInfo.m */,
				086607B61B3B3FFF00B66D81 /* TradeItStockOrEtfAuthenticateAndTradeRequest.h */,
				086607B71B3B3FFF00B66D81 /* TradeItStockOrEtfAuthenticateAndTradeRequest.m */,
				08EDE08F1B3DFFEF00D74866 /* TradeItRequest.h */,
				08EDE0901B3DFFEF00D74866 /* TradeItRequest.m */,
				08EDE0921B3E023300D74866 /* TradeItSecurityQuestionRequest.h */,
				08EDE0931B3E023300D74866 /* TradeItSecurityQuestionRequest.m */,
				08EDE0951B3E025000D74866 /* TradeItSelectAccountRequest.h */,
				08EDE0961B3E025000D74866 /* TradeItSelectAccountRequest.m */,
				08EDE0981B3E027900D74866 /* TradeItPlaceOrderRequest.h */,
				08EDE0991B3E027900D74866 /* TradeItPlaceOrderRequest.m */,
				08EDE09B1B3E02FE00D74866 /* TradeItCloseSessionRequest.h */,
				08EDE09C1B3E02FE00D74866 /* TradeItCloseSessionRequest.m */,
			);
			name = Request;
			sourceTree = "<group>";
		};
		08CD8B7C1B338A7500F7E530 = {
			isa = PBXGroup;
			children = (
				087A79441B4C4F650083E804 /* JSONModelArray.h */,
				087A79421B4C4F560083E804 /* JSONKeyMapper.h */,
				087A79411B4C4F460083E804 /* JSONModelError.h */,
				087A793F1B4C4EDE0083E804 /* JSONModelError.h */,
				087A793D1B4C4ECF0083E804 /* JSONModelClassProperty.h */,
				087A793B1B4C4EBF0083E804 /* NSArray+JSONModel.h */,
				087A79391B4C4EAA0083E804 /* JSONValueTransformer.h */,
				087A79371B4C4E800083E804 /* JSONModel.h */,
				083115041B4C4A8500F20E99 /* JSONModelLib.h */,
				08CD8B871B338A7500F7E530 /* TradeItIosEmsApi */,
				08CD8B941B338A7500F7E530 /* TradeItIosEmsApiTests */,
				08CD8B861B338A7500F7E530 /* Products */,
				A3C4C0F69094DF7970F0769D /* Pods */,
				22C2A40422C63B1E4B2B562D /* Frameworks */,
			);
			sourceTree = "<group>";
		};
		08CD8B861B338A7500F7E530 /* Products */ = {
			isa = PBXGroup;
			children = (
				08CD8B851B338A7500F7E530 /* libTradeItIosEmsApi.a */,
				08CD8B901B338A7500F7E530 /* TradeItIosEmsApiTests.xctest */,
			);
			name = Products;
			sourceTree = "<group>";
		};
		08CD8B871B338A7500F7E530 /* TradeItIosEmsApi */ = {
			isa = PBXGroup;
			children = (
				086607B21B3B3F0700B66D81 /* Request */,
				0866079F1B39DF4900B66D81 /* Result */,
				08CD8BA61B338B5A00F7E530 /* TradeItStockOrEtfTradeSession.h */,
				08CD8BA41B338B5A00F7E530 /* TradeItStockOrEtfTradeSession.m */,
				08D4616E1B4D5DE9001F50E8 /* TradeItIosEmsApiLib.h */,
			);
			path = TradeItIosEmsApi;
			sourceTree = "<group>";
		};
		08CD8B941B338A7500F7E530 /* TradeItIosEmsApiTests */ = {
			isa = PBXGroup;
			children = (
				08CD8BAB1B338BAC00F7E530 /* StockOrEtfTradeTest.m */,
				08CD8B951B338A7500F7E530 /* Supporting Files */,
			);
			path = TradeItIosEmsApiTests;
			sourceTree = "<group>";
		};
		08CD8B951B338A7500F7E530 /* Supporting Files */ = {
			isa = PBXGroup;
			children = (
				08CD8B961B338A7500F7E530 /* Info.plist */,
			);
			name = "Supporting Files";
			sourceTree = "<group>";
		};
		22C2A40422C63B1E4B2B562D /* Frameworks */ = {
			isa = PBXGroup;
			children = (
				8EC8B88CB3E3E48CA7F00C9B /* libPods-TradeItIosEmsApi.a */,
				833EA34C167B3AF88A6709C2 /* libPods-TradeItIosEmsApiTests.a */,
			);
			name = Frameworks;
			sourceTree = "<group>";
		};
		A3C4C0F69094DF7970F0769D /* Pods */ = {
			isa = PBXGroup;
			children = (
				839C17F4A7532133BF03B9D8 /* Pods-TradeItIosEmsApi.debug.xcconfig */,
				6D11DB5621EA209753789103 /* Pods-TradeItIosEmsApi.release.xcconfig */,
				D44B291CDB1F82D18ACB4ECD /* Pods-TradeItIosEmsApiTests.debug.xcconfig */,
				7CCAFB7AFE42FC8A1A937FC1 /* Pods-TradeItIosEmsApiTests.release.xcconfig */,
			);
			name = Pods;
			sourceTree = "<group>";
		};
/* End PBXGroup section */

/* Begin PBXHeadersBuildPhase section */
		0864CD271B4200B9002F10A1 /* Headers */ = {
			isa = PBXHeadersBuildPhase;
			buildActionMask = 2147483647;
			files = (
				08D4616F1B4D5E6F001F50E8 /* TradeItIosEmsApiLib.h in Headers */,
				0864CD281B4200D1002F10A1 /* TradeItStockOrEtfTradeSession.h in Headers */,
				084794B11B43503300DA86AC /* TradeitStockOrEtfOrderPrice.h in Headers */,
				084794B21B43503700DA86AC /* TradeItStockOrEtfOrderInfo.h in Headers */,
				084794B31B43503C00DA86AC /* TradeItAuthenticationInfo.h in Headers */,
				084794B41B43505300DA86AC /* TradeItResult.h in Headers */,
				084794B51B43505A00DA86AC /* TradeItStockOrEtfTradeSuccessResult.h in Headers */,
				084794B61B43505E00DA86AC /* TradeItStockOrEtfTradeReviewResult.h in Headers */,
				084794B71B43506900DA86AC /* TradeItStockOrEtfTradeReviewOrderDetails.h in Headers */,
				084794B81B43506F00DA86AC /* TradeItSecurityQuestionResult.h in Headers */,
				084794B91B43507200DA86AC /* TradeItMultipleAccountResult.h in Headers */,
				084794BA1B43507500DA86AC /* TradeItErrorResult.h in Headers */,
				084794BB1B43508F00DA86AC /* TradeItInformationNeededResult.h in Headers */,
				087A79381B4C4E800083E804 /* JSONModel.h in Headers */,
				087A793A1B4C4EAA0083E804 /* JSONValueTransformer.h in Headers */,
				087A793C1B4C4EBF0083E804 /* NSArray+JSONModel.h in Headers */,
				087A79401B4C4EDE0083E804 /* JSONModelError.h in Headers */,
				087A793E1B4C4ECF0083E804 /* JSONModelClassProperty.h in Headers */,
				087A79431B4C4F560083E804 /* JSONKeyMapper.h in Headers */,
				087A79451B4C4F650083E804 /* JSONModelArray.h in Headers */,
				083115051B4C4A8500F20E99 /* JSONModelLib.h in Headers */,
			);
			runOnlyForDeploymentPostprocessing = 0;
		};
/* End PBXHeadersBuildPhase section */

/* Begin PBXNativeTarget section */
		08CD8B841B338A7500F7E530 /* TradeItIosEmsApi */ = {
			isa = PBXNativeTarget;
			buildConfigurationList = 08CD8B991B338A7500F7E530 /* Build configuration list for PBXNativeTarget "TradeItIosEmsApi" */;
			buildPhases = (
				5C7EDF8D13D06D149117BB5D /* Check Pods Manifest.lock */,
				08CD8B811B338A7500F7E530 /* Sources */,
				08CD8B821B338A7500F7E530 /* Frameworks */,
				08CD8B831B338A7500F7E530 /* CopyFiles */,
				8A5D60332B49E540357CADB5 /* Copy Pods Resources */,
				0864CD271B4200B9002F10A1 /* Headers */,
			);
			buildRules = (
			);
			dependencies = (
			);
			name = TradeItIosEmsApi;
			productName = TradeItIosEmsApi;
			productReference = 08CD8B851B338A7500F7E530 /* libTradeItIosEmsApi.a */;
			productType = "com.apple.product-type.library.static";
		};
		08CD8B8F1B338A7500F7E530 /* TradeItIosEmsApiTests */ = {
			isa = PBXNativeTarget;
			buildConfigurationList = 08CD8B9C1B338A7500F7E530 /* Build configuration list for PBXNativeTarget "TradeItIosEmsApiTests" */;
			buildPhases = (
				4B21263B744C3119F6BAB89C /* Check Pods Manifest.lock */,
				08CD8B8C1B338A7500F7E530 /* Sources */,
				08CD8B8D1B338A7500F7E530 /* Frameworks */,
				08CD8B8E1B338A7500F7E530 /* Resources */,
				FE140D18C2339BDAE782C0B0 /* Copy Pods Resources */,
			);
			buildRules = (
			);
			dependencies = (
				08CD8B931B338A7500F7E530 /* PBXTargetDependency */,
			);
			name = TradeItIosEmsApiTests;
			productName = TradeItIosEmsApiTests;
			productReference = 08CD8B901B338A7500F7E530 /* TradeItIosEmsApiTests.xctest */;
			productType = "com.apple.product-type.bundle.unit-test";
		};
/* End PBXNativeTarget section */

/* Begin PBXProject section */
		08CD8B7D1B338A7500F7E530 /* Project object */ = {
			isa = PBXProject;
			attributes = {
				LastUpgradeCheck = 0630;
				ORGANIZATIONNAME = TradeIt;
				TargetAttributes = {
					0864CD211B41F107002F10A1 = {
						CreatedOnToolsVersion = 6.3.2;
					};
					08CD8B841B338A7500F7E530 = {
						CreatedOnToolsVersion = 6.3.2;
					};
					08CD8B8F1B338A7500F7E530 = {
						CreatedOnToolsVersion = 6.3.2;
					};
				};
			};
			buildConfigurationList = 08CD8B801B338A7500F7E530 /* Build configuration list for PBXProject "TradeItIosEmsApi" */;
			compatibilityVersion = "Xcode 3.2";
			developmentRegion = English;
			hasScannedForEncodings = 0;
			knownRegions = (
				en,
			);
			mainGroup = 08CD8B7C1B338A7500F7E530;
			productRefGroup = 08CD8B861B338A7500F7E530 /* Products */;
			projectDirPath = "";
			projectRoot = "";
			targets = (
				08CD8B841B338A7500F7E530 /* TradeItIosEmsApi */,
				08CD8B8F1B338A7500F7E530 /* TradeItIosEmsApiTests */,
				0864CD211B41F107002F10A1 /* UniveralLib */,
			);
		};
/* End PBXProject section */

/* Begin PBXResourcesBuildPhase section */
		08CD8B8E1B338A7500F7E530 /* Resources */ = {
			isa = PBXResourcesBuildPhase;
			buildActionMask = 2147483647;
			files = (
			);
			runOnlyForDeploymentPostprocessing = 0;
		};
/* End PBXResourcesBuildPhase section */

/* Begin PBXShellScriptBuildPhase section */
		0864CD251B41F16E002F10A1 /* ShellScript */ = {
			isa = PBXShellScriptBuildPhase;
			buildActionMask = 2147483647;
			files = (
			);
			inputPaths = (
			);
			outputPaths = (
			);
			runOnlyForDeploymentPostprocessing = 0;
			shellPath = /bin/sh;
			shellScript = "# define output folder environment variable\nUNIVERSAL_OUTPUTFOLDER=${BUILD_DIR}/${CONFIGURATION}-universal\n\n# Step 1. Build Device and Simulator versions\nxcodebuild -target TradeitIosEmsApi ONLY_ACTIVE_ARCH=NO -configuration ${CONFIGURATION} -sdk iphoneos  BUILD_DIR=\"${BUILD_DIR}\" BUILD_ROOT=\"${BUILD_ROOT}\"\nxcodebuild -target TradeitIosEmsApi -configuration ${CONFIGURATION} -sdk iphonesimulator -arch i386 BUILD_DIR=\"${BUILD_DIR}\" BUILD_ROOT=\"${BUILD_ROOT}\"\n\n# make sure the output directory exists\nmkdir -p \"${UNIVERSAL_OUTPUTFOLDER}\"\n\n# Step 2. Create universal binary file using lipo\nlipo -create -output \"${UNIVERSAL_OUTPUTFOLDER}/lib${PROJECT_NAME}.a\" \"${BUILD_DIR}/${CONFIGURATION}-iphoneos/lib${PROJECT_NAME}.a\"  \"${BUILD_DIR}/${CONFIGURATION}-iphonesimulator/lib${PROJECT_NAME}.a\"\n\nlipo -create -output \"${UNIVERSAL_OUTPUTFOLDER}/libPods-${PROJECT_NAME}-JSONModel.a\" \"${BUILD_DIR}/${CONFIGURATION}-iphoneos/libPods-${PROJECT_NAME}-JSONModel.a\" \"${BUILD_DIR}/${CONFIGURATION}-iphonesimulator/libPods-${PROJECT_NAME}-JSONModel.a\"\n\n#Copy the header files. Just for convenience\ncp -R \"${BUILD_DIR}/${CONFIGURATION}-iphoneos/include\" \"${UNIVERSAL_OUTPUTFOLDER}/\"\n\n#Copy Everything in the TradeItIosEmsApiLib directory. If you don't have one, clone it from git@github.com:tradingticket/TradeItIosEmsApiLib.git at the same level as this project\n\n#clean first\nrm -r ../TradeItIosEmsApiLib/include/\nrm  ../TradeItIosEmsApiLib/libTradeItIosEmsApi.a\nrm  ../TradeItIosEmsApiLib/libPods-TradeItIosEmsApi-JSONModel.a\n                             \n#copy after\ncp -R \"${UNIVERSAL_OUTPUTFOLDER}/\" ../TradeItIosEmsApiLib\n\n";
		};
		4B21263B744C3119F6BAB89C /* Check Pods Manifest.lock */ = {
			isa = PBXShellScriptBuildPhase;
			buildActionMask = 2147483647;
			files = (
			);
			inputPaths = (
			);
			name = "Check Pods Manifest.lock";
			outputPaths = (
			);
			runOnlyForDeploymentPostprocessing = 0;
			shellPath = /bin/sh;
			shellScript = "diff \"${PODS_ROOT}/../Podfile.lock\" \"${PODS_ROOT}/Manifest.lock\" > /dev/null\nif [[ $? != 0 ]] ; then\n    cat << EOM\nerror: The sandbox is not in sync with the Podfile.lock. Run 'pod install' or update your CocoaPods installation.\nEOM\n    exit 1\nfi\n";
			showEnvVarsInLog = 0;
		};
		5C7EDF8D13D06D149117BB5D /* Check Pods Manifest.lock */ = {
			isa = PBXShellScriptBuildPhase;
			buildActionMask = 2147483647;
			files = (
			);
			inputPaths = (
			);
			name = "Check Pods Manifest.lock";
			outputPaths = (
			);
			runOnlyForDeploymentPostprocessing = 0;
			shellPath = /bin/sh;
			shellScript = "diff \"${PODS_ROOT}/../Podfile.lock\" \"${PODS_ROOT}/Manifest.lock\" > /dev/null\nif [[ $? != 0 ]] ; then\n    cat << EOM\nerror: The sandbox is not in sync with the Podfile.lock. Run 'pod install' or update your CocoaPods installation.\nEOM\n    exit 1\nfi\n";
			showEnvVarsInLog = 0;
		};
		8A5D60332B49E540357CADB5 /* Copy Pods Resources */ = {
			isa = PBXShellScriptBuildPhase;
			buildActionMask = 2147483647;
			files = (
			);
			inputPaths = (
			);
			name = "Copy Pods Resources";
			outputPaths = (
			);
			runOnlyForDeploymentPostprocessing = 0;
			shellPath = /bin/sh;
			shellScript = "\"${SRCROOT}/Pods/Target Support Files/Pods-TradeItIosEmsApi/Pods-TradeItIosEmsApi-resources.sh\"\n";
			showEnvVarsInLog = 0;
		};
		FE140D18C2339BDAE782C0B0 /* Copy Pods Resources */ = {
			isa = PBXShellScriptBuildPhase;
			buildActionMask = 2147483647;
			files = (
			);
			inputPaths = (
			);
			name = "Copy Pods Resources";
			outputPaths = (
			);
			runOnlyForDeploymentPostprocessing = 0;
			shellPath = /bin/sh;
			shellScript = "\"${SRCROOT}/Pods/Target Support Files/Pods-TradeItIosEmsApiTests/Pods-TradeItIosEmsApiTests-resources.sh\"\n";
			showEnvVarsInLog = 0;
		};
/* End PBXShellScriptBuildPhase section */

/* Begin PBXSourcesBuildPhase section */
		08CD8B811B338A7500F7E530 /* Sources */ = {
			isa = PBXSourcesBuildPhase;
			buildActionMask = 2147483647;
			files = (
				086607AB1B3B03AC00B66D81 /* TradeItSecurityQuestionResult.m in Sources */,
				08EDE0971B3E025000D74866 /* TradeItSelectAccountRequest.m in Sources */,
				08EDE09D1B3E02FE00D74866 /* TradeItCloseSessionRequest.m in Sources */,
				08CD8BA81B338B5A00F7E530 /* TradeItStockOrEtfOrderInfo.m in Sources */,
				08EDE0941B3E023300D74866 /* TradeItSecurityQuestionRequest.m in Sources */,
				086607A51B39E78A00B66D81 /* TradeItStockOrEtfTradeReviewResult.m in Sources */,
				08CD8BA71B338B5A00F7E530 /* TradeitStockOrEtfOrderPrice.m in Sources */,
				08EDE09A1B3E027900D74866 /* TradeItPlaceOrderRequest.m in Sources */,
				08CD8BAA1B338B5A00F7E530 /* TradeItStockOrEtfTradeSession.m in Sources */,
				0866079E1B39BEA800B66D81 /* TradeItResult.m in Sources */,
				086607A81B39E83A00B66D81 /* TradeItStockOrEtfTradeReviewOrderDetails.m in Sources */,
				086607AE1B3B2C0D00B66D81 /* TradeItMultipleAccountResult.m in Sources */,
				08EDE0911B3DFFEF00D74866 /* TradeItRequest.m in Sources */,
				08CD8BA91B338B5A00F7E530 /* TradeItAuthenticationInfo.m in Sources */,
				086607B81B3B3FFF00B66D81 /* TradeItStockOrEtfAuthenticateAndTradeRequest.m in Sources */,
				086607A21B39E04100B66D81 /* TradeItStockOrEtfTradeSuccessResult.m in Sources */,
				08EDE08B1B3DC64700D74866 /* TradeItErrorResult.m in Sources */,
				08EDE08E1B3DE00C00D74866 /* TradeItInformationNeededResult.m in Sources */,
			);
			runOnlyForDeploymentPostprocessing = 0;
		};
		08CD8B8C1B338A7500F7E530 /* Sources */ = {
			isa = PBXSourcesBuildPhase;
			buildActionMask = 2147483647;
			files = (
				08CD8BAC1B338BAC00F7E530 /* StockOrEtfTradeTest.m in Sources */,
			);
			runOnlyForDeploymentPostprocessing = 0;
		};
/* End PBXSourcesBuildPhase section */

/* Begin PBXTargetDependency section */
		08CD8B931B338A7500F7E530 /* PBXTargetDependency */ = {
			isa = PBXTargetDependency;
			target = 08CD8B841B338A7500F7E530 /* TradeItIosEmsApi */;
			targetProxy = 08CD8B921B338A7500F7E530 /* PBXContainerItemProxy */;
		};
/* End PBXTargetDependency section */

/* Begin XCBuildConfiguration section */
		0864CD221B41F107002F10A1 /* Debug */ = {
			isa = XCBuildConfiguration;
			buildSettings = {
				PRODUCT_NAME = "$(TARGET_NAME)";
			};
			name = Debug;
		};
		0864CD231B41F107002F10A1 /* Release */ = {
			isa = XCBuildConfiguration;
			buildSettings = {
				ONLY_ACTIVE_ARCH = YES;
				PRODUCT_NAME = "$(TARGET_NAME)";
			};
			name = Release;
		};
		08CD8B971B338A7500F7E530 /* Debug */ = {
			isa = XCBuildConfiguration;
			buildSettings = {
				ALWAYS_SEARCH_USER_PATHS = NO;
				CLANG_CXX_LANGUAGE_STANDARD = "gnu++0x";
				CLANG_CXX_LIBRARY = "libc++";
				CLANG_ENABLE_MODULES = YES;
				CLANG_ENABLE_OBJC_ARC = YES;
				CLANG_WARN_BOOL_CONVERSION = YES;
				CLANG_WARN_CONSTANT_CONVERSION = YES;
				CLANG_WARN_DIRECT_OBJC_ISA_USAGE = YES_ERROR;
				CLANG_WARN_EMPTY_BODY = YES;
				CLANG_WARN_ENUM_CONVERSION = YES;
				CLANG_WARN_INT_CONVERSION = YES;
				CLANG_WARN_OBJC_ROOT_CLASS = YES_ERROR;
				CLANG_WARN_UNREACHABLE_CODE = YES;
				CLANG_WARN__DUPLICATE_METHOD_MATCH = YES;
				COPY_PHASE_STRIP = NO;
				DEBUG_INFORMATION_FORMAT = "dwarf-with-dsym";
				ENABLE_STRICT_OBJC_MSGSEND = YES;
				GCC_C_LANGUAGE_STANDARD = gnu99;
				GCC_DYNAMIC_NO_PIC = NO;
				GCC_NO_COMMON_BLOCKS = YES;
				GCC_OPTIMIZATION_LEVEL = 0;
				GCC_PREPROCESSOR_DEFINITIONS = (
					"DEBUG=1",
					"$(inherited)",
				);
				GCC_SYMBOLS_PRIVATE_EXTERN = NO;
				GCC_WARN_64_TO_32_BIT_CONVERSION = YES;
				GCC_WARN_ABOUT_RETURN_TYPE = YES_ERROR;
				GCC_WARN_UNDECLARED_SELECTOR = YES;
				GCC_WARN_UNINITIALIZED_AUTOS = YES_AGGRESSIVE;
				GCC_WARN_UNUSED_FUNCTION = YES;
				GCC_WARN_UNUSED_VARIABLE = YES;
				IPHONEOS_DEPLOYMENT_TARGET = 8.3;
				MTL_ENABLE_DEBUG_INFO = YES;
				ONLY_ACTIVE_ARCH = YES;
				SDKROOT = iphoneos;
			};
			name = Debug;
		};
		08CD8B981B338A7500F7E530 /* Release */ = {
			isa = XCBuildConfiguration;
			buildSettings = {
				ALWAYS_SEARCH_USER_PATHS = NO;
				CLANG_CXX_LANGUAGE_STANDARD = "gnu++0x";
				CLANG_CXX_LIBRARY = "libc++";
				CLANG_ENABLE_MODULES = YES;
				CLANG_ENABLE_OBJC_ARC = YES;
				CLANG_WARN_BOOL_CONVERSION = YES;
				CLANG_WARN_CONSTANT_CONVERSION = YES;
				CLANG_WARN_DIRECT_OBJC_ISA_USAGE = YES_ERROR;
				CLANG_WARN_EMPTY_BODY = YES;
				CLANG_WARN_ENUM_CONVERSION = YES;
				CLANG_WARN_INT_CONVERSION = YES;
				CLANG_WARN_OBJC_ROOT_CLASS = YES_ERROR;
				CLANG_WARN_UNREACHABLE_CODE = YES;
				CLANG_WARN__DUPLICATE_METHOD_MATCH = YES;
				COPY_PHASE_STRIP = NO;
				DEBUG_INFORMATION_FORMAT = "dwarf-with-dsym";
				ENABLE_NS_ASSERTIONS = NO;
				ENABLE_STRICT_OBJC_MSGSEND = YES;
				GCC_C_LANGUAGE_STANDARD = gnu99;
				GCC_NO_COMMON_BLOCKS = YES;
				GCC_WARN_64_TO_32_BIT_CONVERSION = YES;
				GCC_WARN_ABOUT_RETURN_TYPE = YES_ERROR;
				GCC_WARN_UNDECLARED_SELECTOR = YES;
				GCC_WARN_UNINITIALIZED_AUTOS = YES_AGGRESSIVE;
				GCC_WARN_UNUSED_FUNCTION = YES;
				GCC_WARN_UNUSED_VARIABLE = YES;
				IPHONEOS_DEPLOYMENT_TARGET = 8.3;
				MTL_ENABLE_DEBUG_INFO = NO;
				SDKROOT = iphoneos;
				VALIDATE_PRODUCT = YES;
			};
			name = Release;
		};
		08CD8B9A1B338A7500F7E530 /* Debug */ = {
			isa = XCBuildConfiguration;
			baseConfigurationReference = 839C17F4A7532133BF03B9D8 /* Pods-TradeItIosEmsApi.debug.xcconfig */;
			buildSettings = {
				IPHONEOS_DEPLOYMENT_TARGET = 8.3;
				ONLY_ACTIVE_ARCH = YES;
				OTHER_LDFLAGS = "";
				PRIVATE_HEADERS_FOLDER_PATH = include;
				PRODUCT_NAME = "$(TARGET_NAME)";
				PUBLIC_HEADERS_FOLDER_PATH = include;
				SKIP_INSTALL = YES;
			};
			name = Debug;
		};
		08CD8B9B1B338A7500F7E530 /* Release */ = {
			isa = XCBuildConfiguration;
			baseConfigurationReference = 6D11DB5621EA209753789103 /* Pods-TradeItIosEmsApi.release.xcconfig */;
			buildSettings = {
				IPHONEOS_DEPLOYMENT_TARGET = 8.3;
				ONLY_ACTIVE_ARCH = YES;
				OTHER_LDFLAGS = "";
				PRIVATE_HEADERS_FOLDER_PATH = include;
				PRODUCT_NAME = "$(TARGET_NAME)";
				PUBLIC_HEADERS_FOLDER_PATH = include;
				SKIP_INSTALL = YES;
			};
			name = Release;
		};
		08CD8B9D1B338A7500F7E530 /* Debug */ = {
			isa = XCBuildConfiguration;
			baseConfigurationReference = D44B291CDB1F82D18ACB4ECD /* Pods-TradeItIosEmsApiTests.debug.xcconfig */;
			buildSettings = {
				"CODE_SIGN_IDENTITY[sdk=iphoneos*]" = "iPhone Developer";
				FRAMEWORK_SEARCH_PATHS = (
					"$(SDKROOT)/Developer/Library/Frameworks",
					"$(inherited)",
				);
				GCC_PREPROCESSOR_DEFINITIONS = (
					"DEBUG=1",
					"$(inherited)",
				);
				INFOPLIST_FILE = TradeItIosEmsApiTests/Info.plist;
				LD_RUNPATH_SEARCH_PATHS = "$(inherited) @executable_path/Frameworks @loader_path/Frameworks";
				PRODUCT_NAME = "$(TARGET_NAME)";
			};
			name = Debug;
		};
		08CD8B9E1B338A7500F7E530 /* Release */ = {
			isa = XCBuildConfiguration;
			baseConfigurationReference = 7CCAFB7AFE42FC8A1A937FC1 /* Pods-TradeItIosEmsApiTests.release.xcconfig */;
			buildSettings = {
				"CODE_SIGN_IDENTITY[sdk=iphoneos*]" = "iPhone Developer";
				FRAMEWORK_SEARCH_PATHS = (
					"$(SDKROOT)/Developer/Library/Frameworks",
					"$(inherited)",
				);
				INFOPLIST_FILE = TradeItIosEmsApiTests/Info.plist;
				LD_RUNPATH_SEARCH_PATHS = "$(inherited) @executable_path/Frameworks @loader_path/Frameworks";
				PRODUCT_NAME = "$(TARGET_NAME)";
			};
			name = Release;
		};
/* End XCBuildConfiguration section */

/* Begin XCConfigurationList section */
		0864CD241B41F107002F10A1 /* Build configuration list for PBXAggregateTarget "UniveralLib" */ = {
			isa = XCConfigurationList;
			buildConfigurations = (
				0864CD221B41F107002F10A1 /* Debug */,
				0864CD231B41F107002F10A1 /* Release */,
			);
			defaultConfigurationIsVisible = 0;
			defaultConfigurationName = Release;
		};
		08CD8B801B338A7500F7E530 /* Build configuration list for PBXProject "TradeItIosEmsApi" */ = {
			isa = XCConfigurationList;
			buildConfigurations = (
				08CD8B971B338A7500F7E530 /* Debug */,
				08CD8B981B338A7500F7E530 /* Release */,
			);
			defaultConfigurationIsVisible = 0;
			defaultConfigurationName = Release;
		};
		08CD8B991B338A7500F7E530 /* Build configuration list for PBXNativeTarget "TradeItIosEmsApi" */ = {
			isa = XCConfigurationList;
			buildConfigurations = (
				08CD8B9A1B338A7500F7E530 /* Debug */,
				08CD8B9B1B338A7500F7E530 /* Release */,
			);
			defaultConfigurationIsVisible = 0;
			defaultConfigurationName = Release;
		};
		08CD8B9C1B338A7500F7E530 /* Build configuration list for PBXNativeTarget "TradeItIosEmsApiTests" */ = {
			isa = XCConfigurationList;
			buildConfigurations = (
				08CD8B9D1B338A7500F7E530 /* Debug */,
				08CD8B9E1B338A7500F7E530 /* Release */,
			);
			defaultConfigurationIsVisible = 0;
			defaultConfigurationName = Release;
		};
/* End XCConfigurationList section */
	};
	rootObject = 08CD8B7D1B338A7500F7E530 /* Project object */;
}
