// !$*UTF8*$!
{
	archiveVersion = 1;
	classes = {
	};
	objectVersion = 46;
	objects = {

/* Begin PBXAggregateTarget section */
		0864CD211B41F107002F10A1 /* UniversalLib */ = {
			isa = PBXAggregateTarget;
			buildConfigurationList = 0864CD241B41F107002F10A1 /* Build configuration list for PBXAggregateTarget "UniversalLib" */;
			buildPhases = (
				0864CD251B41F16E002F10A1 /* Run Script */,
			);
			dependencies = (
				08ABD74F1B6FC11C008FE4DB /* PBXTargetDependency */,
			);
			name = UniversalLib;
			productName = UniveralLib;
		};
/* End PBXAggregateTarget section */

/* Begin PBXBuildFile section */
		08ABD7951B6FDF76008FE4DB /* libTradeItIosEmsApi.a in Frameworks */ = {isa = PBXBuildFile; fileRef = 08CD8B851B338A7500F7E530 /* libTradeItIosEmsApi.a */; };
		08CD8BAC1B338BAC00F7E530 /* StockOrEtfTradeTest.m in Sources */ = {isa = PBXBuildFile; fileRef = 08CD8BAB1B338BAC00F7E530 /* StockOrEtfTradeTest.m */; };
		651700EA1C751EC100519844 /* TradeItQuote.h in Headers */ = {isa = PBXBuildFile; fileRef = 651700E81C751EC100519844 /* TradeItQuote.h */; };
		651700EB1C751EC100519844 /* TradeItQuote.m in Sources */ = {isa = PBXBuildFile; fileRef = 651700E91C751EC100519844 /* TradeItQuote.m */; };
		65A156A51CD15DB700C2F1BC /* TradeItAdsRequest.h in Headers */ = {isa = PBXBuildFile; fileRef = 65A156A31CD15DB700C2F1BC /* TradeItAdsRequest.h */; };
		65A156A61CD15DB700C2F1BC /* TradeItAdsRequest.m in Sources */ = {isa = PBXBuildFile; fileRef = 65A156A41CD15DB700C2F1BC /* TradeItAdsRequest.m */; };
		65A156AA1CD1607600C2F1BC /* TradeItAdsResult.h in Headers */ = {isa = PBXBuildFile; fileRef = 65A156A81CD1607600C2F1BC /* TradeItAdsResult.h */; };
		65A156AB1CD1607600C2F1BC /* TradeItAdsResult.m in Sources */ = {isa = PBXBuildFile; fileRef = 65A156A91CD1607600C2F1BC /* TradeItAdsResult.m */; };
		A96061D41C65083A007A569C /* TIEMSJSONModel.h in Headers */ = {isa = PBXBuildFile; fileRef = 08ABD7671B6FDBC5008FE4DB /* TIEMSJSONModel.h */; };
		A96061D51C65083A007A569C /* TIEMSJSONModelArray.h in Headers */ = {isa = PBXBuildFile; fileRef = 08ABD7691B6FDBC5008FE4DB /* TIEMSJSONModelArray.h */; };
		A96061D61C65083A007A569C /* TIEMSJSONModelClassProperty.h in Headers */ = {isa = PBXBuildFile; fileRef = 08ABD76B1B6FDBC5008FE4DB /* TIEMSJSONModelClassProperty.h */; };
		A96061D71C65083A007A569C /* TIEMSJSONModelError.h in Headers */ = {isa = PBXBuildFile; fileRef = 08ABD76D1B6FDBC5008FE4DB /* TIEMSJSONModelError.h */; };
		A96061D81C65083A007A569C /* NSArray+TIEMSJSONModel.h in Headers */ = {isa = PBXBuildFile; fileRef = A955C3B91B83A8170049794E /* NSArray+TIEMSJSONModel.h */; };
		A96061D91C65083B007A569C /* TIEMSJSONModelLib.h in Headers */ = {isa = PBXBuildFile; fileRef = A955C3B61B83A8090049794E /* TIEMSJSONModelLib.h */; };
		A96061DA1C65083B007A569C /* TIEMSJSONModel+networking.h in Headers */ = {isa = PBXBuildFile; fileRef = A955C3BD1B83A82B0049794E /* TIEMSJSONModel+networking.h */; };
		A96061DB1C65083B007A569C /* TIEMSJSONAPI.h in Headers */ = {isa = PBXBuildFile; fileRef = 08ABD7741B6FDBC5008FE4DB /* TIEMSJSONAPI.h */; };
		A96061DC1C65083B007A569C /* TIEMSJSONHTTPClient.h in Headers */ = {isa = PBXBuildFile; fileRef = 08ABD7761B6FDBC5008FE4DB /* TIEMSJSONHTTPClient.h */; };
		A96061DD1C65083B007A569C /* TIEMSJSONKeyMapper.h in Headers */ = {isa = PBXBuildFile; fileRef = 08ABD77B1B6FDBC5008FE4DB /* TIEMSJSONKeyMapper.h */; };
		A96061DE1C65083B007A569C /* TIEMSJSONValueTransformer.h in Headers */ = {isa = PBXBuildFile; fileRef = 08ABD77D1B6FDBC5008FE4DB /* TIEMSJSONValueTransformer.h */; };
		A96061DF1C65083B007A569C /* TradeItKeychain.h in Headers */ = {isa = PBXBuildFile; fileRef = A9F565C01C581D7B00AB879D /* TradeItKeychain.h */; settings = {ATTRIBUTES = (Private, ); }; };
		A96061E01C65083B007A569C /* TradeItGetPositionsRequest.h in Headers */ = {isa = PBXBuildFile; fileRef = A9E156C81C6301DD00B4A5DF /* TradeItGetPositionsRequest.h */; };
		A96061E11C65083B007A569C /* TradeItAccountOverviewRequest.h in Headers */ = {isa = PBXBuildFile; fileRef = A9E156BE1C62983700B4A5DF /* TradeItAccountOverviewRequest.h */; };
		A96061E21C65083B007A569C /* TradeItBrokerListRequest.h in Headers */ = {isa = PBXBuildFile; fileRef = A9E156D61C6454A200B4A5DF /* TradeItBrokerListRequest.h */; };
		A96061E31C65083B007A569C /* TradeItAuthenticationInfo.h in Headers */ = {isa = PBXBuildFile; fileRef = 08CD8BA51B338B5A00F7E530 /* TradeItAuthenticationInfo.h */; };
		A96061E41C65083B007A569C /* TradeItAuthLinkRequest.h in Headers */ = {isa = PBXBuildFile; fileRef = A9F565B61C56BDE400AB879D /* TradeItAuthLinkRequest.h */; };
		A96061E51C65083B007A569C /* TradeItAuthenticationRequest.h in Headers */ = {isa = PBXBuildFile; fileRef = A9F565C81C5B199D00AB879D /* TradeItAuthenticationRequest.h */; };
		A96061E61C65083B007A569C /* TradeItSecurityQuestionRequest.h in Headers */ = {isa = PBXBuildFile; fileRef = 08EDE0921B3E023300D74866 /* TradeItSecurityQuestionRequest.h */; };
		A96061E71C65083B007A569C /* TradeItPreviewTradeRequest.h in Headers */ = {isa = PBXBuildFile; fileRef = A9F565CE1C5D511600AB879D /* TradeItPreviewTradeRequest.h */; };
		A96061E81C65083B007A569C /* TradeItPlaceTradeRequest.h in Headers */ = {isa = PBXBuildFile; fileRef = A9E156AB1C5E888300B4A5DF /* TradeItPlaceTradeRequest.h */; };
		A96061E91C65083B007A569C /* TradeItRequest.h in Headers */ = {isa = PBXBuildFile; fileRef = 08EDE08F1B3DFFEF00D74866 /* TradeItRequest.h */; };
		A96061EA1C65083B007A569C /* TradeItGetPositionsResult.h in Headers */ = {isa = PBXBuildFile; fileRef = A9E156CD1C63063200B4A5DF /* TradeItGetPositionsResult.h */; };
		A96061EB1C65083B007A569C /* TradeItPosition.h in Headers */ = {isa = PBXBuildFile; fileRef = A9E156D11C6306F000B4A5DF /* TradeItPosition.h */; };
		A96061EC1C65083B007A569C /* TradeItAccountOverviewResult.h in Headers */ = {isa = PBXBuildFile; fileRef = A9E156C31C629EEA00B4A5DF /* TradeItAccountOverviewResult.h */; };
		A96061ED1C65083B007A569C /* TradeItBrokerListResult.h in Headers */ = {isa = PBXBuildFile; fileRef = A9E156DA1C6454C300B4A5DF /* TradeItBrokerListResult.h */; };
		A96061EE1C65083B007A569C /* TradeItAuthLinkResult.h in Headers */ = {isa = PBXBuildFile; fileRef = A9F565BB1C56DC9F00AB879D /* TradeItAuthLinkResult.h */; };
		A96061EF1C65083B007A569C /* TradeItAuthenticationResult.h in Headers */ = {isa = PBXBuildFile; fileRef = 08D3DFC31B55977F0094BC61 /* TradeItAuthenticationResult.h */; };
		A96061F01C65083B007A569C /* TradeItSecurityQuestionResult.h in Headers */ = {isa = PBXBuildFile; fileRef = 086607A91B3B03AC00B66D81 /* TradeItSecurityQuestionResult.h */; };
		A96061F11C65083B007A569C /* TradeItPreviewTradeResult.h in Headers */ = {isa = PBXBuildFile; fileRef = A9F565D21C5D789C00AB879D /* TradeItPreviewTradeResult.h */; };
		A96061F21C65083B007A569C /* TradeItPreviewTradeOrderDetails.h in Headers */ = {isa = PBXBuildFile; fileRef = 086607A61B39E83A00B66D81 /* TradeItPreviewTradeOrderDetails.h */; };
		A96061F31C65083B007A569C /* TradeItPlaceTradeResult.h in Headers */ = {isa = PBXBuildFile; fileRef = A9E156B11C619CC100B4A5DF /* TradeItPlaceTradeResult.h */; };
		A96061F41C65083B007A569C /* TradeItPlaceTradeOrderInfo.h in Headers */ = {isa = PBXBuildFile; fileRef = A9E156B51C619E3700B4A5DF /* TradeItPlaceTradeOrderInfo.h */; };
		A96061F51C65083C007A569C /* TradeItPlaceTradeOrderInfoPrice.h in Headers */ = {isa = PBXBuildFile; fileRef = A9E156B91C61A8AC00B4A5DF /* TradeItPlaceTradeOrderInfoPrice.h */; };
		A96061F61C65083C007A569C /* TradeItResult.h in Headers */ = {isa = PBXBuildFile; fileRef = 0866079C1B39BEA800B66D81 /* TradeItResult.h */; };
		A96061F71C65083C007A569C /* TradeItErrorResult.h in Headers */ = {isa = PBXBuildFile; fileRef = 08EDE0891B3DC64700D74866 /* TradeItErrorResult.h */; };
		A96061F81C65083C007A569C /* TradeItConnector.h in Headers */ = {isa = PBXBuildFile; fileRef = A94DE2231C45647600E5DC19 /* TradeItConnector.h */; };
		A96061F91C65083C007A569C /* TradeItLinkedLogin.h in Headers */ = {isa = PBXBuildFile; fileRef = A9F565C41C5AE76F00AB879D /* TradeItLinkedLogin.h */; };
		A96061FA1C65083C007A569C /* TradeItSession.h in Headers */ = {isa = PBXBuildFile; fileRef = A91F42531C4981E7008A0D07 /* TradeItSession.h */; };
		A96061FB1C65083C007A569C /* TradeItTradeService.h in Headers */ = {isa = PBXBuildFile; fileRef = A91F42571C4985CD008A0D07 /* TradeItTradeService.h */; };
		A96061FC1C65083C007A569C /* TradeItBalanceService.h in Headers */ = {isa = PBXBuildFile; fileRef = A91F425B1C4FE648008A0D07 /* TradeItBalanceService.h */; };
		A96061FD1C65083C007A569C /* TradeItPositionService.h in Headers */ = {isa = PBXBuildFile; fileRef = A91F425F1C4FE65F008A0D07 /* TradeItPositionService.h */; };
		A96061FE1C65083C007A569C /* TradeItTypeDefs.h in Headers */ = {isa = PBXBuildFile; fileRef = 08D3DFCE1B55A14B0094BC61 /* TradeItTypeDefs.h */; };
		A96061FF1C65083C007A569C /* TradeItEmsUtils.h in Headers */ = {isa = PBXBuildFile; fileRef = 08D3DFCB1B55A0010094BC61 /* TradeItEmsUtils.h */; settings = {ATTRIBUTES = (Private, ); }; };
		A96062001C65083C007A569C /* TradeItIosEmsApiLib.h in Headers */ = {isa = PBXBuildFile; fileRef = 08D4616E1B4D5DE9001F50E8 /* TradeItIosEmsApiLib.h */; };
		A96062021C650903007A569C /* TIEMSJSONModel.m in Sources */ = {isa = PBXBuildFile; fileRef = 08ABD7681B6FDBC5008FE4DB /* TIEMSJSONModel.m */; };
		A96062031C650903007A569C /* TIEMSJSONModelArray.m in Sources */ = {isa = PBXBuildFile; fileRef = 08ABD76A1B6FDBC5008FE4DB /* TIEMSJSONModelArray.m */; };
		A96062041C650903007A569C /* TIEMSJSONModelClassProperty.m in Sources */ = {isa = PBXBuildFile; fileRef = 08ABD76C1B6FDBC5008FE4DB /* TIEMSJSONModelClassProperty.m */; };
		A96062051C650903007A569C /* TIEMSJSONModelError.m in Sources */ = {isa = PBXBuildFile; fileRef = 08ABD76E1B6FDBC5008FE4DB /* TIEMSJSONModelError.m */; };
		A96062061C650903007A569C /* NSArray+TIEMSJSONModel.m in Sources */ = {isa = PBXBuildFile; fileRef = A955C3B81B83A8170049794E /* NSArray+TIEMSJSONModel.m */; };
		A96062071C650903007A569C /* TIEMSJSONModel+networking.m in Sources */ = {isa = PBXBuildFile; fileRef = A955C3BC1B83A82B0049794E /* TIEMSJSONModel+networking.m */; };
		A96062081C650903007A569C /* TIEMSJSONAPI.m in Sources */ = {isa = PBXBuildFile; fileRef = 08ABD7751B6FDBC5008FE4DB /* TIEMSJSONAPI.m */; };
		A96062091C650903007A569C /* TIEMSJSONHTTPClient.m in Sources */ = {isa = PBXBuildFile; fileRef = 08ABD7771B6FDBC5008FE4DB /* TIEMSJSONHTTPClient.m */; };
		A960620A1C650903007A569C /* TIEMSJSONKeyMapper.m in Sources */ = {isa = PBXBuildFile; fileRef = 08ABD77C1B6FDBC5008FE4DB /* TIEMSJSONKeyMapper.m */; };
		A960620B1C650903007A569C /* TIEMSJSONValueTransformer.m in Sources */ = {isa = PBXBuildFile; fileRef = 08ABD77E1B6FDBC5008FE4DB /* TIEMSJSONValueTransformer.m */; };
		A960620C1C650903007A569C /* TradeItKeychain.m in Sources */ = {isa = PBXBuildFile; fileRef = A9F565C11C581D7B00AB879D /* TradeItKeychain.m */; };
		A960620D1C650903007A569C /* TradeItGetPositionsRequest.m in Sources */ = {isa = PBXBuildFile; fileRef = A9E156C91C6301DD00B4A5DF /* TradeItGetPositionsRequest.m */; };
		A960620E1C650903007A569C /* TradeItAccountOverviewRequest.m in Sources */ = {isa = PBXBuildFile; fileRef = A9E156BF1C62983700B4A5DF /* TradeItAccountOverviewRequest.m */; };
		A960620F1C650903007A569C /* TradeItBrokerListRequest.m in Sources */ = {isa = PBXBuildFile; fileRef = A9E156D51C6454A200B4A5DF /* TradeItBrokerListRequest.m */; };
		A96062101C650903007A569C /* TradeItAuthenticationInfo.m in Sources */ = {isa = PBXBuildFile; fileRef = 08CD8BA31B338B5A00F7E530 /* TradeItAuthenticationInfo.m */; };
		A96062111C650903007A569C /* TradeItAuthLinkRequest.m in Sources */ = {isa = PBXBuildFile; fileRef = A9F565B71C56BDE400AB879D /* TradeItAuthLinkRequest.m */; };
		A96062121C650903007A569C /* TradeItAuthenticationRequest.m in Sources */ = {isa = PBXBuildFile; fileRef = A9F565C91C5B199D00AB879D /* TradeItAuthenticationRequest.m */; };
		A96062131C650903007A569C /* TradeItSecurityQuestionRequest.m in Sources */ = {isa = PBXBuildFile; fileRef = 08EDE0931B3E023300D74866 /* TradeItSecurityQuestionRequest.m */; };
		A96062141C650903007A569C /* TradeItPreviewTradeRequest.m in Sources */ = {isa = PBXBuildFile; fileRef = A9E156AF1C5E8D7E00B4A5DF /* TradeItPreviewTradeRequest.m */; };
		A96062151C650903007A569C /* TradeItPlaceTradeRequest.m in Sources */ = {isa = PBXBuildFile; fileRef = A9E156AC1C5E888300B4A5DF /* TradeItPlaceTradeRequest.m */; };
		A96062161C650903007A569C /* TradeItRequest.m in Sources */ = {isa = PBXBuildFile; fileRef = 08EDE0901B3DFFEF00D74866 /* TradeItRequest.m */; };
		A96062171C650903007A569C /* TradeItGetPositionsResult.m in Sources */ = {isa = PBXBuildFile; fileRef = A9E156CE1C63063200B4A5DF /* TradeItGetPositionsResult.m */; };
		A96062181C650903007A569C /* TradeItPosition.m in Sources */ = {isa = PBXBuildFile; fileRef = A9E156D21C6306F000B4A5DF /* TradeItPosition.m */; };
		A96062191C650903007A569C /* TradeItAccountOverviewResult.m in Sources */ = {isa = PBXBuildFile; fileRef = A9E156C41C629EEA00B4A5DF /* TradeItAccountOverviewResult.m */; };
		A960621A1C650903007A569C /* TradeItBrokerListResult.m in Sources */ = {isa = PBXBuildFile; fileRef = A9E156D91C6454C300B4A5DF /* TradeItBrokerListResult.m */; };
		A960621B1C650903007A569C /* TradeItAuthLinkResult.m in Sources */ = {isa = PBXBuildFile; fileRef = A9F565BC1C56DC9F00AB879D /* TradeItAuthLinkResult.m */; };
		A960621C1C650903007A569C /* TradeItAuthenticationResult.m in Sources */ = {isa = PBXBuildFile; fileRef = 08D3DFC41B55977F0094BC61 /* TradeItAuthenticationResult.m */; };
		A960621D1C650903007A569C /* TradeItSecurityQuestionResult.m in Sources */ = {isa = PBXBuildFile; fileRef = 086607AA1B3B03AC00B66D81 /* TradeItSecurityQuestionResult.m */; };
		A960621E1C650903007A569C /* TradeItPreviewTradeResult.m in Sources */ = {isa = PBXBuildFile; fileRef = A9F565D31C5D789C00AB879D /* TradeItPreviewTradeResult.m */; };
		A960621F1C650903007A569C /* TradeItPreviewTradeOrderDetails.m in Sources */ = {isa = PBXBuildFile; fileRef = 086607A71B39E83A00B66D81 /* TradeItPreviewTradeOrderDetails.m */; };
		A96062201C650903007A569C /* TradeItPlaceTradeResult.m in Sources */ = {isa = PBXBuildFile; fileRef = A9E156B21C619CC100B4A5DF /* TradeItPlaceTradeResult.m */; };
		A96062211C650903007A569C /* TradeItPlaceTradeOrderInfo.m in Sources */ = {isa = PBXBuildFile; fileRef = A9E156B61C619E3700B4A5DF /* TradeItPlaceTradeOrderInfo.m */; };
		A96062221C650903007A569C /* TradeItPlaceTradeOrderInfoPrice.m in Sources */ = {isa = PBXBuildFile; fileRef = A9E156BA1C61A8AC00B4A5DF /* TradeItPlaceTradeOrderInfoPrice.m */; };
		A96062231C650903007A569C /* TradeItResult.m in Sources */ = {isa = PBXBuildFile; fileRef = 0866079D1B39BEA800B66D81 /* TradeItResult.m */; };
		A96062241C650903007A569C /* TradeItErrorResult.m in Sources */ = {isa = PBXBuildFile; fileRef = 08EDE08A1B3DC64700D74866 /* TradeItErrorResult.m */; };
		A96062251C650903007A569C /* TradeItConnector.m in Sources */ = {isa = PBXBuildFile; fileRef = A94DE2241C45647600E5DC19 /* TradeItConnector.m */; };
		A96062261C650903007A569C /* TradeItLinkedLogin.m in Sources */ = {isa = PBXBuildFile; fileRef = A9F565C51C5AE76F00AB879D /* TradeItLinkedLogin.m */; };
		A96062271C650903007A569C /* TradeItSession.m in Sources */ = {isa = PBXBuildFile; fileRef = A91F42541C4981E7008A0D07 /* TradeItSession.m */; };
		A96062281C650903007A569C /* TradeItTradeService.m in Sources */ = {isa = PBXBuildFile; fileRef = A91F42581C4985CD008A0D07 /* TradeItTradeService.m */; };
		A96062291C650903007A569C /* TradeItBalanceService.m in Sources */ = {isa = PBXBuildFile; fileRef = A91F425C1C4FE648008A0D07 /* TradeItBalanceService.m */; };
		A960622A1C650903007A569C /* TradeItPositionService.m in Sources */ = {isa = PBXBuildFile; fileRef = A91F42601C4FE65F008A0D07 /* TradeItPositionService.m */; };
		A960622B1C650903007A569C /* TradeItEmsUtils.m in Sources */ = {isa = PBXBuildFile; fileRef = 08D3DFCC1B55A0520094BC61 /* TradeItEmsUtils.m */; };
		A97FEF881C6E83DB00AB3E2F /* TradeItQuotesRequest.h in Headers */ = {isa = PBXBuildFile; fileRef = A97FEF861C6E83DB00AB3E2F /* TradeItQuotesRequest.h */; };
		A97FEF891C6E83DB00AB3E2F /* TradeItQuotesRequest.m in Sources */ = {isa = PBXBuildFile; fileRef = A97FEF871C6E83DB00AB3E2F /* TradeItQuotesRequest.m */; };
		A97FEF8C1C6E845900AB3E2F /* TradeItSymbolLookupRequest.h in Headers */ = {isa = PBXBuildFile; fileRef = A97FEF8A1C6E845900AB3E2F /* TradeItSymbolLookupRequest.h */; };
		A97FEF8D1C6E845900AB3E2F /* TradeItSymbolLookupRequest.m in Sources */ = {isa = PBXBuildFile; fileRef = A97FEF8B1C6E845900AB3E2F /* TradeItSymbolLookupRequest.m */; };
		A97FEF901C6E85C400AB3E2F /* TradeItQuotesResult.h in Headers */ = {isa = PBXBuildFile; fileRef = A97FEF8E1C6E85C400AB3E2F /* TradeItQuotesResult.h */; };
		A97FEF911C6E85C400AB3E2F /* TradeItQuotesResult.m in Sources */ = {isa = PBXBuildFile; fileRef = A97FEF8F1C6E85C400AB3E2F /* TradeItQuotesResult.m */; };
		A97FEF941C6E85ED00AB3E2F /* TradeItSymbolLookupResult.h in Headers */ = {isa = PBXBuildFile; fileRef = A97FEF921C6E85ED00AB3E2F /* TradeItSymbolLookupResult.h */; };
		A97FEF951C6E85ED00AB3E2F /* TradeItSymbolLookupResult.m in Sources */ = {isa = PBXBuildFile; fileRef = A97FEF931C6E85ED00AB3E2F /* TradeItSymbolLookupResult.m */; };
		A97FEF981C6E8AA300AB3E2F /* TradeItSymbolLookupCompany.h in Headers */ = {isa = PBXBuildFile; fileRef = A97FEF961C6E8AA300AB3E2F /* TradeItSymbolLookupCompany.h */; };
		A97FEF991C6E8AA300AB3E2F /* TradeItSymbolLookupCompany.m in Sources */ = {isa = PBXBuildFile; fileRef = A97FEF971C6E8AA300AB3E2F /* TradeItSymbolLookupCompany.m */; };
		A97FEF9C1C6E8FBA00AB3E2F /* TradeItMarketDataService.h in Headers */ = {isa = PBXBuildFile; fileRef = A97FEF9A1C6E8FBA00AB3E2F /* TradeItMarketDataService.h */; };
		A97FEF9D1C6E8FBA00AB3E2F /* TradeItMarketDataService.m in Sources */ = {isa = PBXBuildFile; fileRef = A97FEF9B1C6E8FBA00AB3E2F /* TradeItMarketDataService.m */; };
/* End PBXBuildFile section */

/* Begin PBXContainerItemProxy section */
		08ABD74E1B6FC11C008FE4DB /* PBXContainerItemProxy */ = {
			isa = PBXContainerItemProxy;
			containerPortal = 08CD8B7D1B338A7500F7E530 /* Project object */;
			proxyType = 1;
			remoteGlobalIDString = 08CD8B841B338A7500F7E530;
			remoteInfo = TradeItIosEmsApi;
		};
		08CD8B921B338A7500F7E530 /* PBXContainerItemProxy */ = {
			isa = PBXContainerItemProxy;
			containerPortal = 08CD8B7D1B338A7500F7E530 /* Project object */;
			proxyType = 1;
			remoteGlobalIDString = 08CD8B841B338A7500F7E530;
			remoteInfo = TradeItIosEmsApi;
		};
/* End PBXContainerItemProxy section */

/* Begin PBXCopyFilesBuildPhase section */
		08CD8B831B338A7500F7E530 /* CopyFiles */ = {
			isa = PBXCopyFilesBuildPhase;
			buildActionMask = 2147483647;
			dstPath = "include/$(PRODUCT_NAME)";
			dstSubfolderSpec = 16;
			files = (
			);
			runOnlyForDeploymentPostprocessing = 0;
		};
/* End PBXCopyFilesBuildPhase section */

/* Begin PBXFileReference section */
		0866079C1B39BEA800B66D81 /* TradeItResult.h */ = {isa = PBXFileReference; fileEncoding = 4; lastKnownFileType = sourcecode.c.h; path = TradeItResult.h; sourceTree = "<group>"; };
		0866079D1B39BEA800B66D81 /* TradeItResult.m */ = {isa = PBXFileReference; fileEncoding = 4; lastKnownFileType = sourcecode.c.objc; path = TradeItResult.m; sourceTree = "<group>"; };
		086607A61B39E83A00B66D81 /* TradeItPreviewTradeOrderDetails.h */ = {isa = PBXFileReference; fileEncoding = 4; lastKnownFileType = sourcecode.c.h; path = TradeItPreviewTradeOrderDetails.h; sourceTree = "<group>"; };
		086607A71B39E83A00B66D81 /* TradeItPreviewTradeOrderDetails.m */ = {isa = PBXFileReference; fileEncoding = 4; lastKnownFileType = sourcecode.c.objc; path = TradeItPreviewTradeOrderDetails.m; sourceTree = "<group>"; };
		086607A91B3B03AC00B66D81 /* TradeItSecurityQuestionResult.h */ = {isa = PBXFileReference; fileEncoding = 4; lastKnownFileType = sourcecode.c.h; path = TradeItSecurityQuestionResult.h; sourceTree = "<group>"; };
		086607AA1B3B03AC00B66D81 /* TradeItSecurityQuestionResult.m */ = {isa = PBXFileReference; fileEncoding = 4; lastKnownFileType = sourcecode.c.objc; path = TradeItSecurityQuestionResult.m; sourceTree = "<group>"; };
		08ABD7671B6FDBC5008FE4DB /* TIEMSJSONModel.h */ = {isa = PBXFileReference; fileEncoding = 4; lastKnownFileType = sourcecode.c.h; path = TIEMSJSONModel.h; sourceTree = "<group>"; };
		08ABD7681B6FDBC5008FE4DB /* TIEMSJSONModel.m */ = {isa = PBXFileReference; fileEncoding = 4; lastKnownFileType = sourcecode.c.objc; path = TIEMSJSONModel.m; sourceTree = "<group>"; };
		08ABD7691B6FDBC5008FE4DB /* TIEMSJSONModelArray.h */ = {isa = PBXFileReference; fileEncoding = 4; lastKnownFileType = sourcecode.c.h; path = TIEMSJSONModelArray.h; sourceTree = "<group>"; };
		08ABD76A1B6FDBC5008FE4DB /* TIEMSJSONModelArray.m */ = {isa = PBXFileReference; fileEncoding = 4; lastKnownFileType = sourcecode.c.objc; path = TIEMSJSONModelArray.m; sourceTree = "<group>"; };
		08ABD76B1B6FDBC5008FE4DB /* TIEMSJSONModelClassProperty.h */ = {isa = PBXFileReference; fileEncoding = 4; lastKnownFileType = sourcecode.c.h; path = TIEMSJSONModelClassProperty.h; sourceTree = "<group>"; };
		08ABD76C1B6FDBC5008FE4DB /* TIEMSJSONModelClassProperty.m */ = {isa = PBXFileReference; fileEncoding = 4; lastKnownFileType = sourcecode.c.objc; path = TIEMSJSONModelClassProperty.m; sourceTree = "<group>"; };
		08ABD76D1B6FDBC5008FE4DB /* TIEMSJSONModelError.h */ = {isa = PBXFileReference; fileEncoding = 4; lastKnownFileType = sourcecode.c.h; path = TIEMSJSONModelError.h; sourceTree = "<group>"; };
		08ABD76E1B6FDBC5008FE4DB /* TIEMSJSONModelError.m */ = {isa = PBXFileReference; fileEncoding = 4; lastKnownFileType = sourcecode.c.objc; path = TIEMSJSONModelError.m; sourceTree = "<group>"; };
		08ABD7741B6FDBC5008FE4DB /* TIEMSJSONAPI.h */ = {isa = PBXFileReference; fileEncoding = 4; lastKnownFileType = sourcecode.c.h; path = TIEMSJSONAPI.h; sourceTree = "<group>"; };
		08ABD7751B6FDBC5008FE4DB /* TIEMSJSONAPI.m */ = {isa = PBXFileReference; fileEncoding = 4; lastKnownFileType = sourcecode.c.objc; path = TIEMSJSONAPI.m; sourceTree = "<group>"; };
		08ABD7761B6FDBC5008FE4DB /* TIEMSJSONHTTPClient.h */ = {isa = PBXFileReference; fileEncoding = 4; lastKnownFileType = sourcecode.c.h; path = TIEMSJSONHTTPClient.h; sourceTree = "<group>"; };
		08ABD7771B6FDBC5008FE4DB /* TIEMSJSONHTTPClient.m */ = {isa = PBXFileReference; fileEncoding = 4; lastKnownFileType = sourcecode.c.objc; path = TIEMSJSONHTTPClient.m; sourceTree = "<group>"; };
		08ABD77B1B6FDBC5008FE4DB /* TIEMSJSONKeyMapper.h */ = {isa = PBXFileReference; fileEncoding = 4; lastKnownFileType = sourcecode.c.h; path = TIEMSJSONKeyMapper.h; sourceTree = "<group>"; };
		08ABD77C1B6FDBC5008FE4DB /* TIEMSJSONKeyMapper.m */ = {isa = PBXFileReference; fileEncoding = 4; lastKnownFileType = sourcecode.c.objc; path = TIEMSJSONKeyMapper.m; sourceTree = "<group>"; };
		08ABD77D1B6FDBC5008FE4DB /* TIEMSJSONValueTransformer.h */ = {isa = PBXFileReference; fileEncoding = 4; lastKnownFileType = sourcecode.c.h; path = TIEMSJSONValueTransformer.h; sourceTree = "<group>"; };
		08ABD77E1B6FDBC5008FE4DB /* TIEMSJSONValueTransformer.m */ = {isa = PBXFileReference; fileEncoding = 4; lastKnownFileType = sourcecode.c.objc; path = TIEMSJSONValueTransformer.m; sourceTree = "<group>"; };
		08CD8B851B338A7500F7E530 /* libTradeItIosEmsApi.a */ = {isa = PBXFileReference; explicitFileType = archive.ar; includeInIndex = 0; path = libTradeItIosEmsApi.a; sourceTree = BUILT_PRODUCTS_DIR; };
		08CD8B901B338A7500F7E530 /* TradeItIosEmsApiTests.xctest */ = {isa = PBXFileReference; explicitFileType = wrapper.cfbundle; includeInIndex = 0; path = TradeItIosEmsApiTests.xctest; sourceTree = BUILT_PRODUCTS_DIR; };
		08CD8B961B338A7500F7E530 /* Info.plist */ = {isa = PBXFileReference; lastKnownFileType = text.plist.xml; path = Info.plist; sourceTree = "<group>"; };
		08CD8BA31B338B5A00F7E530 /* TradeItAuthenticationInfo.m */ = {isa = PBXFileReference; fileEncoding = 4; lastKnownFileType = sourcecode.c.objc; path = TradeItAuthenticationInfo.m; sourceTree = "<group>"; };
		08CD8BA51B338B5A00F7E530 /* TradeItAuthenticationInfo.h */ = {isa = PBXFileReference; fileEncoding = 4; lastKnownFileType = sourcecode.c.h; path = TradeItAuthenticationInfo.h; sourceTree = "<group>"; };
		08CD8BAB1B338BAC00F7E530 /* StockOrEtfTradeTest.m */ = {isa = PBXFileReference; fileEncoding = 4; lastKnownFileType = sourcecode.c.objc; path = StockOrEtfTradeTest.m; sourceTree = "<group>"; };
		08D3DFC31B55977F0094BC61 /* TradeItAuthenticationResult.h */ = {isa = PBXFileReference; fileEncoding = 4; lastKnownFileType = sourcecode.c.h; path = TradeItAuthenticationResult.h; sourceTree = "<group>"; };
		08D3DFC41B55977F0094BC61 /* TradeItAuthenticationResult.m */ = {isa = PBXFileReference; fileEncoding = 4; lastKnownFileType = sourcecode.c.objc; path = TradeItAuthenticationResult.m; sourceTree = "<group>"; };
		08D3DFCB1B55A0010094BC61 /* TradeItEmsUtils.h */ = {isa = PBXFileReference; lastKnownFileType = sourcecode.c.h; path = TradeItEmsUtils.h; sourceTree = "<group>"; };
		08D3DFCC1B55A0520094BC61 /* TradeItEmsUtils.m */ = {isa = PBXFileReference; fileEncoding = 4; lastKnownFileType = sourcecode.c.objc; path = TradeItEmsUtils.m; sourceTree = "<group>"; };
		08D3DFCE1B55A14B0094BC61 /* TradeItTypeDefs.h */ = {isa = PBXFileReference; lastKnownFileType = sourcecode.c.h; path = TradeItTypeDefs.h; sourceTree = "<group>"; };
		08D4616E1B4D5DE9001F50E8 /* TradeItIosEmsApiLib.h */ = {isa = PBXFileReference; lastKnownFileType = sourcecode.c.h; path = TradeItIosEmsApiLib.h; sourceTree = "<group>"; };
		08EDE0891B3DC64700D74866 /* TradeItErrorResult.h */ = {isa = PBXFileReference; fileEncoding = 4; lastKnownFileType = sourcecode.c.h; path = TradeItErrorResult.h; sourceTree = "<group>"; };
		08EDE08A1B3DC64700D74866 /* TradeItErrorResult.m */ = {isa = PBXFileReference; fileEncoding = 4; lastKnownFileType = sourcecode.c.objc; path = TradeItErrorResult.m; sourceTree = "<group>"; };
		08EDE08F1B3DFFEF00D74866 /* TradeItRequest.h */ = {isa = PBXFileReference; fileEncoding = 4; lastKnownFileType = sourcecode.c.h; path = TradeItRequest.h; sourceTree = "<group>"; };
		08EDE0901B3DFFEF00D74866 /* TradeItRequest.m */ = {isa = PBXFileReference; fileEncoding = 4; lastKnownFileType = sourcecode.c.objc; path = TradeItRequest.m; sourceTree = "<group>"; };
		08EDE0921B3E023300D74866 /* TradeItSecurityQuestionRequest.h */ = {isa = PBXFileReference; fileEncoding = 4; lastKnownFileType = sourcecode.c.h; path = TradeItSecurityQuestionRequest.h; sourceTree = "<group>"; };
		08EDE0931B3E023300D74866 /* TradeItSecurityQuestionRequest.m */ = {isa = PBXFileReference; fileEncoding = 4; lastKnownFileType = sourcecode.c.objc; path = TradeItSecurityQuestionRequest.m; sourceTree = "<group>"; };
		651700E81C751EC100519844 /* TradeItQuote.h */ = {isa = PBXFileReference; fileEncoding = 4; lastKnownFileType = sourcecode.c.h; path = TradeItQuote.h; sourceTree = "<group>"; };
		651700E91C751EC100519844 /* TradeItQuote.m */ = {isa = PBXFileReference; fileEncoding = 4; lastKnownFileType = sourcecode.c.objc; path = TradeItQuote.m; sourceTree = "<group>"; };
		65A156A31CD15DB700C2F1BC /* TradeItAdsRequest.h */ = {isa = PBXFileReference; fileEncoding = 4; lastKnownFileType = sourcecode.c.h; name = TradeItAdsRequest.h; path = ../../../../Code/TradeIt/TradeItIosEmsApi/TradeItIosEmsApi/TradeItAdsRequest.h; sourceTree = "<group>"; };
		65A156A41CD15DB700C2F1BC /* TradeItAdsRequest.m */ = {isa = PBXFileReference; fileEncoding = 4; lastKnownFileType = sourcecode.c.objc; name = TradeItAdsRequest.m; path = ../../../../Code/TradeIt/TradeItIosEmsApi/TradeItIosEmsApi/TradeItAdsRequest.m; sourceTree = "<group>"; };
		65A156A81CD1607600C2F1BC /* TradeItAdsResult.h */ = {isa = PBXFileReference; fileEncoding = 4; lastKnownFileType = sourcecode.c.h; name = TradeItAdsResult.h; path = ../../../../Code/TradeIt/TradeItIosEmsApi/TradeItIosEmsApi/TradeItAdsResult.h; sourceTree = "<group>"; };
		65A156A91CD1607600C2F1BC /* TradeItAdsResult.m */ = {isa = PBXFileReference; fileEncoding = 4; lastKnownFileType = sourcecode.c.objc; name = TradeItAdsResult.m; path = ../../../../Code/TradeIt/TradeItIosEmsApi/TradeItIosEmsApi/TradeItAdsResult.m; sourceTree = "<group>"; };
		6D11DB5621EA209753789103 /* Pods-TradeItIosEmsApi.release.xcconfig */ = {isa = PBXFileReference; includeInIndex = 1; lastKnownFileType = text.xcconfig; name = "Pods-TradeItIosEmsApi.release.xcconfig"; path = "Pods/Target Support Files/Pods-TradeItIosEmsApi/Pods-TradeItIosEmsApi.release.xcconfig"; sourceTree = "<group>"; };
		7CCAFB7AFE42FC8A1A937FC1 /* Pods-TradeItIosEmsApiTests.release.xcconfig */ = {isa = PBXFileReference; includeInIndex = 1; lastKnownFileType = text.xcconfig; name = "Pods-TradeItIosEmsApiTests.release.xcconfig"; path = "Pods/Target Support Files/Pods-TradeItIosEmsApiTests/Pods-TradeItIosEmsApiTests.release.xcconfig"; sourceTree = "<group>"; };
		833EA34C167B3AF88A6709C2 /* libPods-TradeItIosEmsApiTests.a */ = {isa = PBXFileReference; explicitFileType = archive.ar; includeInIndex = 0; path = "libPods-TradeItIosEmsApiTests.a"; sourceTree = BUILT_PRODUCTS_DIR; };
		839C17F4A7532133BF03B9D8 /* Pods-TradeItIosEmsApi.debug.xcconfig */ = {isa = PBXFileReference; includeInIndex = 1; lastKnownFileType = text.xcconfig; name = "Pods-TradeItIosEmsApi.debug.xcconfig"; path = "Pods/Target Support Files/Pods-TradeItIosEmsApi/Pods-TradeItIosEmsApi.debug.xcconfig"; sourceTree = "<group>"; };
		8EC8B88CB3E3E48CA7F00C9B /* libPods-TradeItIosEmsApi.a */ = {isa = PBXFileReference; explicitFileType = archive.ar; includeInIndex = 0; path = "libPods-TradeItIosEmsApi.a"; sourceTree = BUILT_PRODUCTS_DIR; };
		A91F42531C4981E7008A0D07 /* TradeItSession.h */ = {isa = PBXFileReference; fileEncoding = 4; lastKnownFileType = sourcecode.c.h; path = TradeItSession.h; sourceTree = "<group>"; };
		A91F42541C4981E7008A0D07 /* TradeItSession.m */ = {isa = PBXFileReference; fileEncoding = 4; lastKnownFileType = sourcecode.c.objc; path = TradeItSession.m; sourceTree = "<group>"; };
		A91F42571C4985CD008A0D07 /* TradeItTradeService.h */ = {isa = PBXFileReference; fileEncoding = 4; lastKnownFileType = sourcecode.c.h; path = TradeItTradeService.h; sourceTree = "<group>"; };
		A91F42581C4985CD008A0D07 /* TradeItTradeService.m */ = {isa = PBXFileReference; fileEncoding = 4; lastKnownFileType = sourcecode.c.objc; path = TradeItTradeService.m; sourceTree = "<group>"; };
		A91F425B1C4FE648008A0D07 /* TradeItBalanceService.h */ = {isa = PBXFileReference; fileEncoding = 4; lastKnownFileType = sourcecode.c.h; path = TradeItBalanceService.h; sourceTree = "<group>"; };
		A91F425C1C4FE648008A0D07 /* TradeItBalanceService.m */ = {isa = PBXFileReference; fileEncoding = 4; lastKnownFileType = sourcecode.c.objc; path = TradeItBalanceService.m; sourceTree = "<group>"; };
		A91F425F1C4FE65F008A0D07 /* TradeItPositionService.h */ = {isa = PBXFileReference; fileEncoding = 4; lastKnownFileType = sourcecode.c.h; path = TradeItPositionService.h; sourceTree = "<group>"; };
		A91F42601C4FE65F008A0D07 /* TradeItPositionService.m */ = {isa = PBXFileReference; fileEncoding = 4; lastKnownFileType = sourcecode.c.objc; path = TradeItPositionService.m; sourceTree = "<group>"; };
		A94DE2231C45647600E5DC19 /* TradeItConnector.h */ = {isa = PBXFileReference; fileEncoding = 4; lastKnownFileType = sourcecode.c.h; path = TradeItConnector.h; sourceTree = "<group>"; };
		A94DE2241C45647600E5DC19 /* TradeItConnector.m */ = {isa = PBXFileReference; fileEncoding = 4; lastKnownFileType = sourcecode.c.objc; path = TradeItConnector.m; sourceTree = "<group>"; };
		A955C3B61B83A8090049794E /* TIEMSJSONModelLib.h */ = {isa = PBXFileReference; fileEncoding = 4; lastKnownFileType = sourcecode.c.h; name = TIEMSJSONModelLib.h; path = JSONModel/TIEMSJSONModelLib.h; sourceTree = SOURCE_ROOT; };
		A955C3B81B83A8170049794E /* NSArray+TIEMSJSONModel.m */ = {isa = PBXFileReference; fileEncoding = 4; lastKnownFileType = sourcecode.c.objc; path = "NSArray+TIEMSJSONModel.m"; sourceTree = "<group>"; };
		A955C3B91B83A8170049794E /* NSArray+TIEMSJSONModel.h */ = {isa = PBXFileReference; fileEncoding = 4; lastKnownFileType = sourcecode.c.h; path = "NSArray+TIEMSJSONModel.h"; sourceTree = "<group>"; };
		A955C3BC1B83A82B0049794E /* TIEMSJSONModel+networking.m */ = {isa = PBXFileReference; fileEncoding = 4; lastKnownFileType = sourcecode.c.objc; path = "TIEMSJSONModel+networking.m"; sourceTree = "<group>"; };
		A955C3BD1B83A82B0049794E /* TIEMSJSONModel+networking.h */ = {isa = PBXFileReference; fileEncoding = 4; lastKnownFileType = sourcecode.c.h; path = "TIEMSJSONModel+networking.h"; sourceTree = "<group>"; };
		A97FEF861C6E83DB00AB3E2F /* TradeItQuotesRequest.h */ = {isa = PBXFileReference; fileEncoding = 4; lastKnownFileType = sourcecode.c.h; path = TradeItQuotesRequest.h; sourceTree = "<group>"; };
		A97FEF871C6E83DB00AB3E2F /* TradeItQuotesRequest.m */ = {isa = PBXFileReference; fileEncoding = 4; lastKnownFileType = sourcecode.c.objc; path = TradeItQuotesRequest.m; sourceTree = "<group>"; };
		A97FEF8A1C6E845900AB3E2F /* TradeItSymbolLookupRequest.h */ = {isa = PBXFileReference; fileEncoding = 4; lastKnownFileType = sourcecode.c.h; path = TradeItSymbolLookupRequest.h; sourceTree = "<group>"; };
		A97FEF8B1C6E845900AB3E2F /* TradeItSymbolLookupRequest.m */ = {isa = PBXFileReference; fileEncoding = 4; lastKnownFileType = sourcecode.c.objc; path = TradeItSymbolLookupRequest.m; sourceTree = "<group>"; };
		A97FEF8E1C6E85C400AB3E2F /* TradeItQuotesResult.h */ = {isa = PBXFileReference; fileEncoding = 4; lastKnownFileType = sourcecode.c.h; path = TradeItQuotesResult.h; sourceTree = "<group>"; };
		A97FEF8F1C6E85C400AB3E2F /* TradeItQuotesResult.m */ = {isa = PBXFileReference; fileEncoding = 4; lastKnownFileType = sourcecode.c.objc; path = TradeItQuotesResult.m; sourceTree = "<group>"; };
		A97FEF921C6E85ED00AB3E2F /* TradeItSymbolLookupResult.h */ = {isa = PBXFileReference; fileEncoding = 4; lastKnownFileType = sourcecode.c.h; path = TradeItSymbolLookupResult.h; sourceTree = "<group>"; };
		A97FEF931C6E85ED00AB3E2F /* TradeItSymbolLookupResult.m */ = {isa = PBXFileReference; fileEncoding = 4; lastKnownFileType = sourcecode.c.objc; path = TradeItSymbolLookupResult.m; sourceTree = "<group>"; };
		A97FEF961C6E8AA300AB3E2F /* TradeItSymbolLookupCompany.h */ = {isa = PBXFileReference; fileEncoding = 4; lastKnownFileType = sourcecode.c.h; path = TradeItSymbolLookupCompany.h; sourceTree = "<group>"; };
		A97FEF971C6E8AA300AB3E2F /* TradeItSymbolLookupCompany.m */ = {isa = PBXFileReference; fileEncoding = 4; lastKnownFileType = sourcecode.c.objc; path = TradeItSymbolLookupCompany.m; sourceTree = "<group>"; };
		A97FEF9A1C6E8FBA00AB3E2F /* TradeItMarketDataService.h */ = {isa = PBXFileReference; fileEncoding = 4; lastKnownFileType = sourcecode.c.h; path = TradeItMarketDataService.h; sourceTree = "<group>"; };
		A97FEF9B1C6E8FBA00AB3E2F /* TradeItMarketDataService.m */ = {isa = PBXFileReference; fileEncoding = 4; lastKnownFileType = sourcecode.c.objc; path = TradeItMarketDataService.m; sourceTree = "<group>"; };
		A9E156AB1C5E888300B4A5DF /* TradeItPlaceTradeRequest.h */ = {isa = PBXFileReference; fileEncoding = 4; lastKnownFileType = sourcecode.c.h; path = TradeItPlaceTradeRequest.h; sourceTree = "<group>"; };
		A9E156AC1C5E888300B4A5DF /* TradeItPlaceTradeRequest.m */ = {isa = PBXFileReference; fileEncoding = 4; lastKnownFileType = sourcecode.c.objc; path = TradeItPlaceTradeRequest.m; sourceTree = "<group>"; };
		A9E156AF1C5E8D7E00B4A5DF /* TradeItPreviewTradeRequest.m */ = {isa = PBXFileReference; fileEncoding = 4; lastKnownFileType = sourcecode.c.objc; path = TradeItPreviewTradeRequest.m; sourceTree = "<group>"; };
		A9E156B11C619CC100B4A5DF /* TradeItPlaceTradeResult.h */ = {isa = PBXFileReference; fileEncoding = 4; lastKnownFileType = sourcecode.c.h; path = TradeItPlaceTradeResult.h; sourceTree = "<group>"; };
		A9E156B21C619CC100B4A5DF /* TradeItPlaceTradeResult.m */ = {isa = PBXFileReference; fileEncoding = 4; lastKnownFileType = sourcecode.c.objc; path = TradeItPlaceTradeResult.m; sourceTree = "<group>"; };
		A9E156B51C619E3700B4A5DF /* TradeItPlaceTradeOrderInfo.h */ = {isa = PBXFileReference; fileEncoding = 4; lastKnownFileType = sourcecode.c.h; path = TradeItPlaceTradeOrderInfo.h; sourceTree = "<group>"; };
		A9E156B61C619E3700B4A5DF /* TradeItPlaceTradeOrderInfo.m */ = {isa = PBXFileReference; fileEncoding = 4; lastKnownFileType = sourcecode.c.objc; path = TradeItPlaceTradeOrderInfo.m; sourceTree = "<group>"; };
		A9E156B91C61A8AC00B4A5DF /* TradeItPlaceTradeOrderInfoPrice.h */ = {isa = PBXFileReference; fileEncoding = 4; lastKnownFileType = sourcecode.c.h; path = TradeItPlaceTradeOrderInfoPrice.h; sourceTree = "<group>"; };
		A9E156BA1C61A8AC00B4A5DF /* TradeItPlaceTradeOrderInfoPrice.m */ = {isa = PBXFileReference; fileEncoding = 4; lastKnownFileType = sourcecode.c.objc; path = TradeItPlaceTradeOrderInfoPrice.m; sourceTree = "<group>"; };
		A9E156BE1C62983700B4A5DF /* TradeItAccountOverviewRequest.h */ = {isa = PBXFileReference; fileEncoding = 4; lastKnownFileType = sourcecode.c.h; path = TradeItAccountOverviewRequest.h; sourceTree = "<group>"; };
		A9E156BF1C62983700B4A5DF /* TradeItAccountOverviewRequest.m */ = {isa = PBXFileReference; fileEncoding = 4; lastKnownFileType = sourcecode.c.objc; path = TradeItAccountOverviewRequest.m; sourceTree = "<group>"; };
		A9E156C31C629EEA00B4A5DF /* TradeItAccountOverviewResult.h */ = {isa = PBXFileReference; fileEncoding = 4; lastKnownFileType = sourcecode.c.h; path = TradeItAccountOverviewResult.h; sourceTree = "<group>"; };
		A9E156C41C629EEA00B4A5DF /* TradeItAccountOverviewResult.m */ = {isa = PBXFileReference; fileEncoding = 4; lastKnownFileType = sourcecode.c.objc; path = TradeItAccountOverviewResult.m; sourceTree = "<group>"; };
		A9E156C81C6301DD00B4A5DF /* TradeItGetPositionsRequest.h */ = {isa = PBXFileReference; fileEncoding = 4; lastKnownFileType = sourcecode.c.h; path = TradeItGetPositionsRequest.h; sourceTree = "<group>"; };
		A9E156C91C6301DD00B4A5DF /* TradeItGetPositionsRequest.m */ = {isa = PBXFileReference; fileEncoding = 4; lastKnownFileType = sourcecode.c.objc; path = TradeItGetPositionsRequest.m; sourceTree = "<group>"; };
		A9E156CD1C63063200B4A5DF /* TradeItGetPositionsResult.h */ = {isa = PBXFileReference; fileEncoding = 4; lastKnownFileType = sourcecode.c.h; path = TradeItGetPositionsResult.h; sourceTree = "<group>"; };
		A9E156CE1C63063200B4A5DF /* TradeItGetPositionsResult.m */ = {isa = PBXFileReference; fileEncoding = 4; lastKnownFileType = sourcecode.c.objc; path = TradeItGetPositionsResult.m; sourceTree = "<group>"; };
		A9E156D11C6306F000B4A5DF /* TradeItPosition.h */ = {isa = PBXFileReference; fileEncoding = 4; lastKnownFileType = sourcecode.c.h; path = TradeItPosition.h; sourceTree = "<group>"; };
		A9E156D21C6306F000B4A5DF /* TradeItPosition.m */ = {isa = PBXFileReference; fileEncoding = 4; lastKnownFileType = sourcecode.c.objc; path = TradeItPosition.m; sourceTree = "<group>"; };
		A9E156D51C6454A200B4A5DF /* TradeItBrokerListRequest.m */ = {isa = PBXFileReference; fileEncoding = 4; lastKnownFileType = sourcecode.c.objc; path = TradeItBrokerListRequest.m; sourceTree = "<group>"; };
		A9E156D61C6454A200B4A5DF /* TradeItBrokerListRequest.h */ = {isa = PBXFileReference; fileEncoding = 4; lastKnownFileType = sourcecode.c.h; path = TradeItBrokerListRequest.h; sourceTree = "<group>"; };
		A9E156D91C6454C300B4A5DF /* TradeItBrokerListResult.m */ = {isa = PBXFileReference; fileEncoding = 4; lastKnownFileType = sourcecode.c.objc; path = TradeItBrokerListResult.m; sourceTree = "<group>"; };
		A9E156DA1C6454C300B4A5DF /* TradeItBrokerListResult.h */ = {isa = PBXFileReference; fileEncoding = 4; lastKnownFileType = sourcecode.c.h; path = TradeItBrokerListResult.h; sourceTree = "<group>"; };
		A9F565B61C56BDE400AB879D /* TradeItAuthLinkRequest.h */ = {isa = PBXFileReference; fileEncoding = 4; lastKnownFileType = sourcecode.c.h; path = TradeItAuthLinkRequest.h; sourceTree = "<group>"; };
		A9F565B71C56BDE400AB879D /* TradeItAuthLinkRequest.m */ = {isa = PBXFileReference; fileEncoding = 4; lastKnownFileType = sourcecode.c.objc; path = TradeItAuthLinkRequest.m; sourceTree = "<group>"; };
		A9F565BB1C56DC9F00AB879D /* TradeItAuthLinkResult.h */ = {isa = PBXFileReference; fileEncoding = 4; lastKnownFileType = sourcecode.c.h; path = TradeItAuthLinkResult.h; sourceTree = "<group>"; };
		A9F565BC1C56DC9F00AB879D /* TradeItAuthLinkResult.m */ = {isa = PBXFileReference; fileEncoding = 4; lastKnownFileType = sourcecode.c.objc; path = TradeItAuthLinkResult.m; sourceTree = "<group>"; };
		A9F565C01C581D7B00AB879D /* TradeItKeychain.h */ = {isa = PBXFileReference; fileEncoding = 4; lastKnownFileType = sourcecode.c.h; path = TradeItKeychain.h; sourceTree = "<group>"; };
		A9F565C11C581D7B00AB879D /* TradeItKeychain.m */ = {isa = PBXFileReference; fileEncoding = 4; lastKnownFileType = sourcecode.c.objc; path = TradeItKeychain.m; sourceTree = "<group>"; };
		A9F565C41C5AE76F00AB879D /* TradeItLinkedLogin.h */ = {isa = PBXFileReference; fileEncoding = 4; lastKnownFileType = sourcecode.c.h; path = TradeItLinkedLogin.h; sourceTree = "<group>"; };
		A9F565C51C5AE76F00AB879D /* TradeItLinkedLogin.m */ = {isa = PBXFileReference; fileEncoding = 4; lastKnownFileType = sourcecode.c.objc; path = TradeItLinkedLogin.m; sourceTree = "<group>"; };
		A9F565C81C5B199D00AB879D /* TradeItAuthenticationRequest.h */ = {isa = PBXFileReference; fileEncoding = 4; lastKnownFileType = sourcecode.c.h; path = TradeItAuthenticationRequest.h; sourceTree = "<group>"; };
		A9F565C91C5B199D00AB879D /* TradeItAuthenticationRequest.m */ = {isa = PBXFileReference; fileEncoding = 4; lastKnownFileType = sourcecode.c.objc; path = TradeItAuthenticationRequest.m; sourceTree = "<group>"; };
		A9F565CE1C5D511600AB879D /* TradeItPreviewTradeRequest.h */ = {isa = PBXFileReference; fileEncoding = 4; lastKnownFileType = sourcecode.c.h; path = TradeItPreviewTradeRequest.h; sourceTree = "<group>"; };
		A9F565D21C5D789C00AB879D /* TradeItPreviewTradeResult.h */ = {isa = PBXFileReference; fileEncoding = 4; lastKnownFileType = sourcecode.c.h; path = TradeItPreviewTradeResult.h; sourceTree = "<group>"; };
		A9F565D31C5D789C00AB879D /* TradeItPreviewTradeResult.m */ = {isa = PBXFileReference; fileEncoding = 4; lastKnownFileType = sourcecode.c.objc; path = TradeItPreviewTradeResult.m; sourceTree = "<group>"; };
		D44B291CDB1F82D18ACB4ECD /* Pods-TradeItIosEmsApiTests.debug.xcconfig */ = {isa = PBXFileReference; includeInIndex = 1; lastKnownFileType = text.xcconfig; name = "Pods-TradeItIosEmsApiTests.debug.xcconfig"; path = "Pods/Target Support Files/Pods-TradeItIosEmsApiTests/Pods-TradeItIosEmsApiTests.debug.xcconfig"; sourceTree = "<group>"; };
/* End PBXFileReference section */

/* Begin PBXFrameworksBuildPhase section */
		08CD8B821B338A7500F7E530 /* Frameworks */ = {
			isa = PBXFrameworksBuildPhase;
			buildActionMask = 2147483647;
			files = (
			);
			runOnlyForDeploymentPostprocessing = 0;
		};
		08CD8B8D1B338A7500F7E530 /* Frameworks */ = {
			isa = PBXFrameworksBuildPhase;
			buildActionMask = 2147483647;
			files = (
				08ABD7951B6FDF76008FE4DB /* libTradeItIosEmsApi.a in Frameworks */,
			);
			runOnlyForDeploymentPostprocessing = 0;
		};
/* End PBXFrameworksBuildPhase section */

/* Begin PBXGroup section */
		0866079F1B39DF4900B66D81 /* Result */ = {
			isa = PBXGroup;
			children = (
				65A156A71CD1603100C2F1BC /* PublisherService */,
				A97FEF841C6E836F00AB3E2F /* MarketDataService */,
				A9E156CC1C63045000B4A5DF /* PositionService */,
				A9E156C21C629ECB00B4A5DF /* BalanceService */,
				A9F565BA1C56DC5F00AB879D /* UserService */,
				A9F565CD1C5D4C0600AB879D /* TradeService */,
				0866079C1B39BEA800B66D81 /* TradeItResult.h */,
				0866079D1B39BEA800B66D81 /* TradeItResult.m */,
				08EDE0891B3DC64700D74866 /* TradeItErrorResult.h */,
				08EDE08A1B3DC64700D74866 /* TradeItErrorResult.m */,
			);
			name = Result;
			sourceTree = "<group>";
		};
		086607B21B3B3F0700B66D81 /* Request */ = {
			isa = PBXGroup;
			children = (
				65A156A21CD15D8100C2F1BC /* PublisherService */,
				A97FEF851C6E838B00AB3E2F /* MarketDataService */,
				A9E156C71C63016600B4A5DF /* PositionService */,
				A9E156BD1C62936B00B4A5DF /* BalanceService */,
				A9F565B51C56BDB500AB879D /* UserService */,
				A9F565CC1C5D4BE700AB879D /* TradeService */,
				08EDE08F1B3DFFEF00D74866 /* TradeItRequest.h */,
				08EDE0901B3DFFEF00D74866 /* TradeItRequest.m */,
			);
			name = Request;
			sourceTree = "<group>";
		};
		08ABD7651B6FDBC4008FE4DB /* JSONModel */ = {
			isa = PBXGroup;
			children = (
				08ABD7661B6FDBC5008FE4DB /* JSONModel */,
				08ABD76F1B6FDBC5008FE4DB /* JSONModelCategories */,
				A955C3B61B83A8090049794E /* TIEMSJSONModelLib.h */,
				08ABD7731B6FDBC5008FE4DB /* JSONModelNetworking */,
				08ABD77A1B6FDBC5008FE4DB /* JSONModelTransformations */,
			);
			path = JSONModel;
			sourceTree = "<group>";
		};
		08ABD7661B6FDBC5008FE4DB /* JSONModel */ = {
			isa = PBXGroup;
			children = (
				08ABD7671B6FDBC5008FE4DB /* TIEMSJSONModel.h */,
				08ABD7681B6FDBC5008FE4DB /* TIEMSJSONModel.m */,
				08ABD7691B6FDBC5008FE4DB /* TIEMSJSONModelArray.h */,
				08ABD76A1B6FDBC5008FE4DB /* TIEMSJSONModelArray.m */,
				08ABD76B1B6FDBC5008FE4DB /* TIEMSJSONModelClassProperty.h */,
				08ABD76C1B6FDBC5008FE4DB /* TIEMSJSONModelClassProperty.m */,
				08ABD76D1B6FDBC5008FE4DB /* TIEMSJSONModelError.h */,
				08ABD76E1B6FDBC5008FE4DB /* TIEMSJSONModelError.m */,
			);
			path = JSONModel;
			sourceTree = "<group>";
		};
		08ABD76F1B6FDBC5008FE4DB /* JSONModelCategories */ = {
			isa = PBXGroup;
			children = (
				A955C3B81B83A8170049794E /* NSArray+TIEMSJSONModel.m */,
				A955C3B91B83A8170049794E /* NSArray+TIEMSJSONModel.h */,
			);
			path = JSONModelCategories;
			sourceTree = "<group>";
		};
		08ABD7731B6FDBC5008FE4DB /* JSONModelNetworking */ = {
			isa = PBXGroup;
			children = (
				A955C3BC1B83A82B0049794E /* TIEMSJSONModel+networking.m */,
				A955C3BD1B83A82B0049794E /* TIEMSJSONModel+networking.h */,
				08ABD7741B6FDBC5008FE4DB /* TIEMSJSONAPI.h */,
				08ABD7751B6FDBC5008FE4DB /* TIEMSJSONAPI.m */,
				08ABD7761B6FDBC5008FE4DB /* TIEMSJSONHTTPClient.h */,
				08ABD7771B6FDBC5008FE4DB /* TIEMSJSONHTTPClient.m */,
			);
			path = JSONModelNetworking;
			sourceTree = "<group>";
		};
		08ABD77A1B6FDBC5008FE4DB /* JSONModelTransformations */ = {
			isa = PBXGroup;
			children = (
				08ABD77B1B6FDBC5008FE4DB /* TIEMSJSONKeyMapper.h */,
				08ABD77C1B6FDBC5008FE4DB /* TIEMSJSONKeyMapper.m */,
				08ABD77D1B6FDBC5008FE4DB /* TIEMSJSONValueTransformer.h */,
				08ABD77E1B6FDBC5008FE4DB /* TIEMSJSONValueTransformer.m */,
			);
			path = JSONModelTransformations;
			sourceTree = "<group>";
		};
		08CD8B7C1B338A7500F7E530 = {
			isa = PBXGroup;
			children = (
				08ABD7651B6FDBC4008FE4DB /* JSONModel */,
				08CD8B871B338A7500F7E530 /* TradeItIosEmsApi */,
				08CD8B941B338A7500F7E530 /* TradeItIosEmsApiTests */,
				08CD8B861B338A7500F7E530 /* Products */,
				A3C4C0F69094DF7970F0769D /* Pods */,
				22C2A40422C63B1E4B2B562D /* Frameworks */,
			);
			sourceTree = "<group>";
		};
		08CD8B861B338A7500F7E530 /* Products */ = {
			isa = PBXGroup;
			children = (
				08CD8B851B338A7500F7E530 /* libTradeItIosEmsApi.a */,
				08CD8B901B338A7500F7E530 /* TradeItIosEmsApiTests.xctest */,
			);
			name = Products;
			sourceTree = "<group>";
		};
		08CD8B871B338A7500F7E530 /* TradeItIosEmsApi */ = {
			isa = PBXGroup;
			children = (
				A91F424A1C45BDFA008A0D07 /* Utils */,
				086607B21B3B3F0700B66D81 /* Request */,
				0866079F1B39DF4900B66D81 /* Result */,
				A94DE2231C45647600E5DC19 /* TradeItConnector.h */,
				A94DE2241C45647600E5DC19 /* TradeItConnector.m */,
				A9F565C41C5AE76F00AB879D /* TradeItLinkedLogin.h */,
				A9F565C51C5AE76F00AB879D /* TradeItLinkedLogin.m */,
				A91F42531C4981E7008A0D07 /* TradeItSession.h */,
				A91F42541C4981E7008A0D07 /* TradeItSession.m */,
				A91F42571C4985CD008A0D07 /* TradeItTradeService.h */,
				A91F42581C4985CD008A0D07 /* TradeItTradeService.m */,
				A91F425B1C4FE648008A0D07 /* TradeItBalanceService.h */,
				A91F425C1C4FE648008A0D07 /* TradeItBalanceService.m */,
				A91F425F1C4FE65F008A0D07 /* TradeItPositionService.h */,
				A91F42601C4FE65F008A0D07 /* TradeItPositionService.m */,
				A97FEF9A1C6E8FBA00AB3E2F /* TradeItMarketDataService.h */,
				A97FEF9B1C6E8FBA00AB3E2F /* TradeItMarketDataService.m */,
				08D3DFCE1B55A14B0094BC61 /* TradeItTypeDefs.h */,
				08D3DFCB1B55A0010094BC61 /* TradeItEmsUtils.h */,
				08D3DFCC1B55A0520094BC61 /* TradeItEmsUtils.m */,
				08D4616E1B4D5DE9001F50E8 /* TradeItIosEmsApiLib.h */,
			);
			path = TradeItIosEmsApi;
			sourceTree = "<group>";
		};
		08CD8B941B338A7500F7E530 /* TradeItIosEmsApiTests */ = {
			isa = PBXGroup;
			children = (
				08CD8BAB1B338BAC00F7E530 /* StockOrEtfTradeTest.m */,
				08CD8B951B338A7500F7E530 /* Supporting Files */,
			);
			path = TradeItIosEmsApiTests;
			sourceTree = "<group>";
		};
		08CD8B951B338A7500F7E530 /* Supporting Files */ = {
			isa = PBXGroup;
			children = (
				08CD8B961B338A7500F7E530 /* Info.plist */,
			);
			name = "Supporting Files";
			sourceTree = "<group>";
		};
		22C2A40422C63B1E4B2B562D /* Frameworks */ = {
			isa = PBXGroup;
			children = (
				8EC8B88CB3E3E48CA7F00C9B /* libPods-TradeItIosEmsApi.a */,
				833EA34C167B3AF88A6709C2 /* libPods-TradeItIosEmsApiTests.a */,
			);
			name = Frameworks;
			sourceTree = "<group>";
		};
		65A156A21CD15D8100C2F1BC /* PublisherService */ = {
			isa = PBXGroup;
			children = (
				65A156A31CD15DB700C2F1BC /* TradeItAdsRequest.h */,
				65A156A41CD15DB700C2F1BC /* TradeItAdsRequest.m */,
			);
			name = PublisherService;
			sourceTree = "<group>";
		};
		65A156A71CD1603100C2F1BC /* PublisherService */ = {
			isa = PBXGroup;
			children = (
				65A156A81CD1607600C2F1BC /* TradeItAdsResult.h */,
				65A156A91CD1607600C2F1BC /* TradeItAdsResult.m */,
			);
			name = PublisherService;
			sourceTree = "<group>";
		};
		A3C4C0F69094DF7970F0769D /* Pods */ = {
			isa = PBXGroup;
			children = (
				839C17F4A7532133BF03B9D8 /* Pods-TradeItIosEmsApi.debug.xcconfig */,
				6D11DB5621EA209753789103 /* Pods-TradeItIosEmsApi.release.xcconfig */,
				D44B291CDB1F82D18ACB4ECD /* Pods-TradeItIosEmsApiTests.debug.xcconfig */,
				7CCAFB7AFE42FC8A1A937FC1 /* Pods-TradeItIosEmsApiTests.release.xcconfig */,
			);
			name = Pods;
			sourceTree = "<group>";
		};
		A91F424A1C45BDFA008A0D07 /* Utils */ = {
			isa = PBXGroup;
			children = (
				A9F565C01C581D7B00AB879D /* TradeItKeychain.h */,
				A9F565C11C581D7B00AB879D /* TradeItKeychain.m */,
			);
			name = Utils;
			sourceTree = "<group>";
		};
		A97FEF841C6E836F00AB3E2F /* MarketDataService */ = {
			isa = PBXGroup;
			children = (
				A97FEF8E1C6E85C400AB3E2F /* TradeItQuotesResult.h */,
				651700E81C751EC100519844 /* TradeItQuote.h */,
				651700E91C751EC100519844 /* TradeItQuote.m */,
				A97FEF8F1C6E85C400AB3E2F /* TradeItQuotesResult.m */,
				A97FEF921C6E85ED00AB3E2F /* TradeItSymbolLookupResult.h */,
				A97FEF931C6E85ED00AB3E2F /* TradeItSymbolLookupResult.m */,
				A97FEF961C6E8AA300AB3E2F /* TradeItSymbolLookupCompany.h */,
				A97FEF971C6E8AA300AB3E2F /* TradeItSymbolLookupCompany.m */,
			);
			name = MarketDataService;
			sourceTree = "<group>";
		};
		A97FEF851C6E838B00AB3E2F /* MarketDataService */ = {
			isa = PBXGroup;
			children = (
				A97FEF861C6E83DB00AB3E2F /* TradeItQuotesRequest.h */,
				A97FEF871C6E83DB00AB3E2F /* TradeItQuotesRequest.m */,
				A97FEF8A1C6E845900AB3E2F /* TradeItSymbolLookupRequest.h */,
				A97FEF8B1C6E845900AB3E2F /* TradeItSymbolLookupRequest.m */,
			);
			name = MarketDataService;
			sourceTree = "<group>";
		};
		A9E156BD1C62936B00B4A5DF /* BalanceService */ = {
			isa = PBXGroup;
			children = (
				A9E156BE1C62983700B4A5DF /* TradeItAccountOverviewRequest.h */,
				A9E156BF1C62983700B4A5DF /* TradeItAccountOverviewRequest.m */,
			);
			name = BalanceService;
			sourceTree = "<group>";
		};
		A9E156C21C629ECB00B4A5DF /* BalanceService */ = {
			isa = PBXGroup;
			children = (
				A9E156C31C629EEA00B4A5DF /* TradeItAccountOverviewResult.h */,
				A9E156C41C629EEA00B4A5DF /* TradeItAccountOverviewResult.m */,
			);
			name = BalanceService;
			sourceTree = "<group>";
		};
		A9E156C71C63016600B4A5DF /* PositionService */ = {
			isa = PBXGroup;
			children = (
				A9E156C81C6301DD00B4A5DF /* TradeItGetPositionsRequest.h */,
				A9E156C91C6301DD00B4A5DF /* TradeItGetPositionsRequest.m */,
			);
			name = PositionService;
			sourceTree = "<group>";
		};
		A9E156CC1C63045000B4A5DF /* PositionService */ = {
			isa = PBXGroup;
			children = (
				A9E156CD1C63063200B4A5DF /* TradeItGetPositionsResult.h */,
				A9E156CE1C63063200B4A5DF /* TradeItGetPositionsResult.m */,
				A9E156D11C6306F000B4A5DF /* TradeItPosition.h */,
				A9E156D21C6306F000B4A5DF /* TradeItPosition.m */,
			);
			name = PositionService;
			sourceTree = "<group>";
		};
		A9F565B51C56BDB500AB879D /* UserService */ = {
			isa = PBXGroup;
			children = (
				A9E156D61C6454A200B4A5DF /* TradeItBrokerListRequest.h */,
				A9E156D51C6454A200B4A5DF /* TradeItBrokerListRequest.m */,
				08CD8BA51B338B5A00F7E530 /* TradeItAuthenticationInfo.h */,
				08CD8BA31B338B5A00F7E530 /* TradeItAuthenticationInfo.m */,
				A9F565B61C56BDE400AB879D /* TradeItAuthLinkRequest.h */,
				A9F565B71C56BDE400AB879D /* TradeItAuthLinkRequest.m */,
				A9F565C81C5B199D00AB879D /* TradeItAuthenticationRequest.h */,
				A9F565C91C5B199D00AB879D /* TradeItAuthenticationRequest.m */,
				08EDE0921B3E023300D74866 /* TradeItSecurityQuestionRequest.h */,
				08EDE0931B3E023300D74866 /* TradeItSecurityQuestionRequest.m */,
			);
			name = UserService;
			sourceTree = "<group>";
		};
		A9F565BA1C56DC5F00AB879D /* UserService */ = {
			isa = PBXGroup;
			children = (
				A9E156DA1C6454C300B4A5DF /* TradeItBrokerListResult.h */,
				A9E156D91C6454C300B4A5DF /* TradeItBrokerListResult.m */,
				A9F565BB1C56DC9F00AB879D /* TradeItAuthLinkResult.h */,
				A9F565BC1C56DC9F00AB879D /* TradeItAuthLinkResult.m */,
				08D3DFC31B55977F0094BC61 /* TradeItAuthenticationResult.h */,
				08D3DFC41B55977F0094BC61 /* TradeItAuthenticationResult.m */,
				086607A91B3B03AC00B66D81 /* TradeItSecurityQuestionResult.h */,
				086607AA1B3B03AC00B66D81 /* TradeItSecurityQuestionResult.m */,
			);
			name = UserService;
			sourceTree = "<group>";
		};
		A9F565CC1C5D4BE700AB879D /* TradeService */ = {
			isa = PBXGroup;
			children = (
				A9F565CE1C5D511600AB879D /* TradeItPreviewTradeRequest.h */,
				A9E156AF1C5E8D7E00B4A5DF /* TradeItPreviewTradeRequest.m */,
				A9E156AB1C5E888300B4A5DF /* TradeItPlaceTradeRequest.h */,
				A9E156AC1C5E888300B4A5DF /* TradeItPlaceTradeRequest.m */,
			);
			name = TradeService;
			sourceTree = "<group>";
		};
		A9F565CD1C5D4C0600AB879D /* TradeService */ = {
			isa = PBXGroup;
			children = (
				A9F565D21C5D789C00AB879D /* TradeItPreviewTradeResult.h */,
				A9F565D31C5D789C00AB879D /* TradeItPreviewTradeResult.m */,
				086607A61B39E83A00B66D81 /* TradeItPreviewTradeOrderDetails.h */,
				086607A71B39E83A00B66D81 /* TradeItPreviewTradeOrderDetails.m */,
				A9E156B11C619CC100B4A5DF /* TradeItPlaceTradeResult.h */,
				A9E156B21C619CC100B4A5DF /* TradeItPlaceTradeResult.m */,
				A9E156B51C619E3700B4A5DF /* TradeItPlaceTradeOrderInfo.h */,
				A9E156B61C619E3700B4A5DF /* TradeItPlaceTradeOrderInfo.m */,
				A9E156B91C61A8AC00B4A5DF /* TradeItPlaceTradeOrderInfoPrice.h */,
				A9E156BA1C61A8AC00B4A5DF /* TradeItPlaceTradeOrderInfoPrice.m */,
			);
			name = TradeService;
			sourceTree = "<group>";
		};
/* End PBXGroup section */

/* Begin PBXHeadersBuildPhase section */
		0864CD271B4200B9002F10A1 /* Headers */ = {
			isa = PBXHeadersBuildPhase;
			buildActionMask = 2147483647;
			files = (
				A96061FF1C65083C007A569C /* TradeItEmsUtils.h in Headers */,
				A96061DF1C65083B007A569C /* TradeItKeychain.h in Headers */,
				A96061D41C65083A007A569C /* TIEMSJSONModel.h in Headers */,
				A96061D51C65083A007A569C /* TIEMSJSONModelArray.h in Headers */,
				A96061D61C65083A007A569C /* TIEMSJSONModelClassProperty.h in Headers */,
				A96061D71C65083A007A569C /* TIEMSJSONModelError.h in Headers */,
				A96061D81C65083A007A569C /* NSArray+TIEMSJSONModel.h in Headers */,
				A96061D91C65083B007A569C /* TIEMSJSONModelLib.h in Headers */,
				A96061DA1C65083B007A569C /* TIEMSJSONModel+networking.h in Headers */,
				A96061DB1C65083B007A569C /* TIEMSJSONAPI.h in Headers */,
				A96061DC1C65083B007A569C /* TIEMSJSONHTTPClient.h in Headers */,
				A96061DD1C65083B007A569C /* TIEMSJSONKeyMapper.h in Headers */,
				A96061DE1C65083B007A569C /* TIEMSJSONValueTransformer.h in Headers */,
				A96061E01C65083B007A569C /* TradeItGetPositionsRequest.h in Headers */,
				A96061E11C65083B007A569C /* TradeItAccountOverviewRequest.h in Headers */,
				A96061E21C65083B007A569C /* TradeItBrokerListRequest.h in Headers */,
				A97FEF981C6E8AA300AB3E2F /* TradeItSymbolLookupCompany.h in Headers */,
				A96061E31C65083B007A569C /* TradeItAuthenticationInfo.h in Headers */,
				A97FEF941C6E85ED00AB3E2F /* TradeItSymbolLookupResult.h in Headers */,
				65A156A51CD15DB700C2F1BC /* TradeItAdsRequest.h in Headers */,
				A96061E41C65083B007A569C /* TradeItAuthLinkRequest.h in Headers */,
				A96061E51C65083B007A569C /* TradeItAuthenticationRequest.h in Headers */,
				A97FEF881C6E83DB00AB3E2F /* TradeItQuotesRequest.h in Headers */,
				A96061E61C65083B007A569C /* TradeItSecurityQuestionRequest.h in Headers */,
				A96061E71C65083B007A569C /* TradeItPreviewTradeRequest.h in Headers */,
				A96061E81C65083B007A569C /* TradeItPlaceTradeRequest.h in Headers */,
				65A156AA1CD1607600C2F1BC /* TradeItAdsResult.h in Headers */,
				A96061E91C65083B007A569C /* TradeItRequest.h in Headers */,
				A97FEF8C1C6E845900AB3E2F /* TradeItSymbolLookupRequest.h in Headers */,
				A96061EA1C65083B007A569C /* TradeItGetPositionsResult.h in Headers */,
				A96061EB1C65083B007A569C /* TradeItPosition.h in Headers */,
				A96061EC1C65083B007A569C /* TradeItAccountOverviewResult.h in Headers */,
				A96061ED1C65083B007A569C /* TradeItBrokerListResult.h in Headers */,
				A96061EE1C65083B007A569C /* TradeItAuthLinkResult.h in Headers */,
				A96061EF1C65083B007A569C /* TradeItAuthenticationResult.h in Headers */,
				A96061F01C65083B007A569C /* TradeItSecurityQuestionResult.h in Headers */,
				A96061F11C65083B007A569C /* TradeItPreviewTradeResult.h in Headers */,
				A96061F21C65083B007A569C /* TradeItPreviewTradeOrderDetails.h in Headers */,
				A96061F31C65083B007A569C /* TradeItPlaceTradeResult.h in Headers */,
				A96061F41C65083B007A569C /* TradeItPlaceTradeOrderInfo.h in Headers */,
				A97FEF901C6E85C400AB3E2F /* TradeItQuotesResult.h in Headers */,
				A96061F51C65083C007A569C /* TradeItPlaceTradeOrderInfoPrice.h in Headers */,
				A97FEF9C1C6E8FBA00AB3E2F /* TradeItMarketDataService.h in Headers */,
				A96061F61C65083C007A569C /* TradeItResult.h in Headers */,
				A96061F71C65083C007A569C /* TradeItErrorResult.h in Headers */,
				A96061F81C65083C007A569C /* TradeItConnector.h in Headers */,
				A96061F91C65083C007A569C /* TradeItLinkedLogin.h in Headers */,
				A96061FA1C65083C007A569C /* TradeItSession.h in Headers */,
				A96061FB1C65083C007A569C /* TradeItTradeService.h in Headers */,
				A96061FC1C65083C007A569C /* TradeItBalanceService.h in Headers */,
				A96061FD1C65083C007A569C /* TradeItPositionService.h in Headers */,
				A96061FE1C65083C007A569C /* TradeItTypeDefs.h in Headers */,
				A96062001C65083C007A569C /* TradeItIosEmsApiLib.h in Headers */,
				651700EA1C751EC100519844 /* TradeItQuote.h in Headers */,
			);
			runOnlyForDeploymentPostprocessing = 0;
		};
/* End PBXHeadersBuildPhase section */

/* Begin PBXNativeTarget section */
		08CD8B841B338A7500F7E530 /* TradeItIosEmsApi */ = {
			isa = PBXNativeTarget;
			buildConfigurationList = 08CD8B991B338A7500F7E530 /* Build configuration list for PBXNativeTarget "TradeItIosEmsApi" */;
			buildPhases = (
				08CD8B811B338A7500F7E530 /* Sources */,
				08CD8B821B338A7500F7E530 /* Frameworks */,
				08CD8B831B338A7500F7E530 /* CopyFiles */,
				0864CD271B4200B9002F10A1 /* Headers */,
				08ABD7941B6FDF4A008FE4DB /* ShellScript */,
			);
			buildRules = (
			);
			dependencies = (
			);
			name = TradeItIosEmsApi;
			productName = TradeItIosEmsApi;
			productReference = 08CD8B851B338A7500F7E530 /* libTradeItIosEmsApi.a */;
			productType = "com.apple.product-type.library.static";
		};
		08CD8B8F1B338A7500F7E530 /* TradeItIosEmsApiTests */ = {
			isa = PBXNativeTarget;
			buildConfigurationList = 08CD8B9C1B338A7500F7E530 /* Build configuration list for PBXNativeTarget "TradeItIosEmsApiTests" */;
			buildPhases = (
				08CD8B8C1B338A7500F7E530 /* Sources */,
				08CD8B8D1B338A7500F7E530 /* Frameworks */,
				08CD8B8E1B338A7500F7E530 /* Resources */,
			);
			buildRules = (
			);
			dependencies = (
				08CD8B931B338A7500F7E530 /* PBXTargetDependency */,
			);
			name = TradeItIosEmsApiTests;
			productName = TradeItIosEmsApiTests;
			productReference = 08CD8B901B338A7500F7E530 /* TradeItIosEmsApiTests.xctest */;
			productType = "com.apple.product-type.bundle.unit-test";
		};
/* End PBXNativeTarget section */

/* Begin PBXProject section */
		08CD8B7D1B338A7500F7E530 /* Project object */ = {
			isa = PBXProject;
			attributes = {
				LastUpgradeCheck = 0720;
				ORGANIZATIONNAME = TradeIt;
				TargetAttributes = {
					0864CD211B41F107002F10A1 = {
						CreatedOnToolsVersion = 6.3.2;
					};
					08CD8B841B338A7500F7E530 = {
						CreatedOnToolsVersion = 6.3.2;
					};
					08CD8B8F1B338A7500F7E530 = {
						CreatedOnToolsVersion = 6.3.2;
					};
				};
			};
			buildConfigurationList = 08CD8B801B338A7500F7E530 /* Build configuration list for PBXProject "TradeItIosEmsApi" */;
			compatibilityVersion = "Xcode 3.2";
			developmentRegion = English;
			hasScannedForEncodings = 0;
			knownRegions = (
				en,
			);
			mainGroup = 08CD8B7C1B338A7500F7E530;
			productRefGroup = 08CD8B861B338A7500F7E530 /* Products */;
			projectDirPath = "";
			projectRoot = "";
			targets = (
				08CD8B841B338A7500F7E530 /* TradeItIosEmsApi */,
				08CD8B8F1B338A7500F7E530 /* TradeItIosEmsApiTests */,
				0864CD211B41F107002F10A1 /* UniversalLib */,
			);
		};
/* End PBXProject section */

/* Begin PBXResourcesBuildPhase section */
		08CD8B8E1B338A7500F7E530 /* Resources */ = {
			isa = PBXResourcesBuildPhase;
			buildActionMask = 2147483647;
			files = (
			);
			runOnlyForDeploymentPostprocessing = 0;
		};
/* End PBXResourcesBuildPhase section */

/* Begin PBXShellScriptBuildPhase section */
		0864CD251B41F16E002F10A1 /* Run Script */ = {
			isa = PBXShellScriptBuildPhase;
			buildActionMask = 2147483647;
			files = (
			);
			inputPaths = (
			);
			name = "Run Script";
			outputPaths = (
			);
			runOnlyForDeploymentPostprocessing = 0;
			shellPath = /bin/sh;
			shellScript = "set -e\n\n# If we're already inside this script then die\nif [ -n \"$RW_MULTIPLATFORM_BUILD_IN_PROGRESS\" ]; then\nexit 0\nfi\nexport RW_MULTIPLATFORM_BUILD_IN_PROGRESS=1\n\nRW_FRAMEWORK_NAME=${PROJECT_NAME}\nRW_INPUT_STATIC_LIB=\"lib${PROJECT_NAME}.a\"\nRW_FRAMEWORK_LOCATION=\"${BUILT_PRODUCTS_DIR}/${RW_FRAMEWORK_NAME}.framework\"\n\nfunction build_static_library {\n    # Will rebuild the static library as specified\n    #     build_static_library sdk\n    xcrun xcodebuild -project \"${PROJECT_FILE_PATH}\" \\\n    -target \"${TARGET_NAME}\" \\\n    -configuration \"${CONFIGURATION}\" \\\n    -sdk \"${1}\" \\\n    ONLY_ACTIVE_ARCH=NO \\\n    BUILD_DIR=\"${BUILD_DIR}\" \\\n    OBJROOT=\"${OBJROOT}\" \\\n    BUILD_ROOT=\"${BUILD_ROOT}\" \\\n    SYMROOT=\"${SYMROOT}\" $ACTION\n}\n\nfunction make_fat_library {\n    # Will smash 2 static libs together\n    #     make_fat_library in1 in2 out\n    xcrun lipo -create \"${1}\" \"${2}\" -output \"${3}\"\n}\n\n# 1 - Extract the platform (iphoneos/iphonesimulator) from the SDK name\nif [[ \"$SDK_NAME\" =~ ([A-Za-z]+) ]]; then\nRW_SDK_PLATFORM=${BASH_REMATCH[1]}\nelse\necho \"Could not find platform name from SDK_NAME: $SDK_NAME\"\nexit 1\nfi\n\n# 2 - Extract the version from the SDK\nif [[ \"$SDK_NAME\" =~ ([0-9]+.*$) ]]; then\nRW_SDK_VERSION=${BASH_REMATCH[1]}\nelse\necho \"Could not find sdk version from SDK_NAME: $SDK_NAME\"\nexit 1\nfi\n\n# 3 - Determine the other platform\nif [ \"$RW_SDK_PLATFORM\" == \"iphoneos\" ]; then\nRW_OTHER_PLATFORM=iphonesimulator\nelse\nRW_OTHER_PLATFORM=iphoneos\nfi\n\n# 4 - Find the build directory\nif [[ \"$BUILT_PRODUCTS_DIR\" =~ (.*)$RW_SDK_PLATFORM$ ]]; then\nRW_OTHER_BUILT_PRODUCTS_DIR=\"${BASH_REMATCH[1]}${RW_OTHER_PLATFORM}\"\nelse\necho \"Could not find other platform build directory.\"\nexit 1\nfi\n\n# Build the other platform.\nbuild_static_library \"${RW_OTHER_PLATFORM}${RW_SDK_VERSION}\"\n\n# If we're currently building for iphonesimulator, then need to rebuild\n#   to ensure that we get both i386 and x86_64\nif [ \"$RW_SDK_PLATFORM\" == \"iphonesimulator\" ]; then\nbuild_static_library \"${SDK_NAME}\"\nfi\n\n# Join the 2 static libs into 1 and push into the .framework\nmake_fat_library \"${BUILT_PRODUCTS_DIR}/${RW_INPUT_STATIC_LIB}\" \\\n\"${RW_OTHER_BUILT_PRODUCTS_DIR}/${RW_INPUT_STATIC_LIB}\" \\\n\"${RW_FRAMEWORK_LOCATION}/Versions/A/${RW_FRAMEWORK_NAME}\"\n\n# Ensure that the framework is present in both platform's build directories\ncp -a \"${RW_FRAMEWORK_LOCATION}/Versions/A/${RW_FRAMEWORK_NAME}\" \\\n\"${RW_OTHER_BUILT_PRODUCTS_DIR}/${RW_FRAMEWORK_NAME}.framework/Versions/A/${RW_FRAMEWORK_NAME}\"\n\n# Copy the framework to the user's desktop\nditto \"${RW_FRAMEWORK_LOCATION}\" \"../TradeItIosEmsApiLib/${RW_FRAMEWORK_NAME}.framework\"\n\n\n";
		};
		08ABD7941B6FDF4A008FE4DB /* ShellScript */ = {
			isa = PBXShellScriptBuildPhase;
			buildActionMask = 2147483647;
			files = (
			);
			inputPaths = (
			);
			outputPaths = (
			);
			runOnlyForDeploymentPostprocessing = 0;
			shellPath = /bin/sh;
			shellScript = "set -e\n\nexport FRAMEWORK_LOCN=\"${BUILT_PRODUCTS_DIR}/${PRODUCT_NAME}.framework\"\n\n# Create the path to the real Headers die\nmkdir -p \"${FRAMEWORK_LOCN}/Versions/A/Headers\"\n\n# Create the required symlinks\n/bin/ln -sfh A \"${FRAMEWORK_LOCN}/Versions/Current\"\n/bin/ln -sfh Versions/Current/Headers \"${FRAMEWORK_LOCN}/Headers\"\n/bin/ln -sfh \"Versions/Current/${PRODUCT_NAME}\" \\\n\"${FRAMEWORK_LOCN}/${PRODUCT_NAME}\"\n\n# Copy the public headers into the framework\n/bin/cp -a \"${TARGET_BUILD_DIR}/${PUBLIC_HEADERS_FOLDER_PATH}/\" \\\n\"${FRAMEWORK_LOCN}/Versions/A/Headers\"";
		};
/* End PBXShellScriptBuildPhase section */

/* Begin PBXSourcesBuildPhase section */
		08CD8B811B338A7500F7E530 /* Sources */ = {
			isa = PBXSourcesBuildPhase;
			buildActionMask = 2147483647;
			files = (
				A96062021C650903007A569C /* TIEMSJSONModel.m in Sources */,
				A96062031C650903007A569C /* TIEMSJSONModelArray.m in Sources */,
				A96062041C650903007A569C /* TIEMSJSONModelClassProperty.m in Sources */,
				A96062051C650903007A569C /* TIEMSJSONModelError.m in Sources */,
				A96062061C650903007A569C /* NSArray+TIEMSJSONModel.m in Sources */,
				A96062071C650903007A569C /* TIEMSJSONModel+networking.m in Sources */,
				A96062081C650903007A569C /* TIEMSJSONAPI.m in Sources */,
				651700EB1C751EC100519844 /* TradeItQuote.m in Sources */,
				A96062091C650903007A569C /* TIEMSJSONHTTPClient.m in Sources */,
				A97FEF891C6E83DB00AB3E2F /* TradeItQuotesRequest.m in Sources */,
				A960620A1C650903007A569C /* TIEMSJSONKeyMapper.m in Sources */,
				A960620B1C650903007A569C /* TIEMSJSONValueTransformer.m in Sources */,
				A960620C1C650903007A569C /* TradeItKeychain.m in Sources */,
				A960620D1C650903007A569C /* TradeItGetPositionsRequest.m in Sources */,
				A960620E1C650903007A569C /* TradeItAccountOverviewRequest.m in Sources */,
				65A156AB1CD1607600C2F1BC /* TradeItAdsResult.m in Sources */,
				A960620F1C650903007A569C /* TradeItBrokerListRequest.m in Sources */,
				65A156A61CD15DB700C2F1BC /* TradeItAdsRequest.m in Sources */,
				A96062101C650903007A569C /* TradeItAuthenticationInfo.m in Sources */,
				A96062111C650903007A569C /* TradeItAuthLinkRequest.m in Sources */,
				A97FEF9D1C6E8FBA00AB3E2F /* TradeItMarketDataService.m in Sources */,
				A96062121C650903007A569C /* TradeItAuthenticationRequest.m in Sources */,
				A96062131C650903007A569C /* TradeItSecurityQuestionRequest.m in Sources */,
				A96062141C650903007A569C /* TradeItPreviewTradeRequest.m in Sources */,
				A96062151C650903007A569C /* TradeItPlaceTradeRequest.m in Sources */,
				A96062161C650903007A569C /* TradeItRequest.m in Sources */,
				A96062171C650903007A569C /* TradeItGetPositionsResult.m in Sources */,
				A96062181C650903007A569C /* TradeItPosition.m in Sources */,
				A96062191C650903007A569C /* TradeItAccountOverviewResult.m in Sources */,
				A97FEF8D1C6E845900AB3E2F /* TradeItSymbolLookupRequest.m in Sources */,
				A960621A1C650903007A569C /* TradeItBrokerListResult.m in Sources */,
				A960621B1C650903007A569C /* TradeItAuthLinkResult.m in Sources */,
				A960621C1C650903007A569C /* TradeItAuthenticationResult.m in Sources */,
				A97FEF991C6E8AA300AB3E2F /* TradeItSymbolLookupCompany.m in Sources */,
				A960621D1C650903007A569C /* TradeItSecurityQuestionResult.m in Sources */,
				A960621E1C650903007A569C /* TradeItPreviewTradeResult.m in Sources */,
				A960621F1C650903007A569C /* TradeItPreviewTradeOrderDetails.m in Sources */,
				A97FEF951C6E85ED00AB3E2F /* TradeItSymbolLookupResult.m in Sources */,
				A96062201C650903007A569C /* TradeItPlaceTradeResult.m in Sources */,
				A96062211C650903007A569C /* TradeItPlaceTradeOrderInfo.m in Sources */,
				A96062221C650903007A569C /* TradeItPlaceTradeOrderInfoPrice.m in Sources */,
				A96062231C650903007A569C /* TradeItResult.m in Sources */,
				A96062241C650903007A569C /* TradeItErrorResult.m in Sources */,
				A96062251C650903007A569C /* TradeItConnector.m in Sources */,
				A96062261C650903007A569C /* TradeItLinkedLogin.m in Sources */,
				A96062271C650903007A569C /* TradeItSession.m in Sources */,
				A97FEF911C6E85C400AB3E2F /* TradeItQuotesResult.m in Sources */,
				A96062281C650903007A569C /* TradeItTradeService.m in Sources */,
				A96062291C650903007A569C /* TradeItBalanceService.m in Sources */,
				A960622A1C650903007A569C /* TradeItPositionService.m in Sources */,
				A960622B1C650903007A569C /* TradeItEmsUtils.m in Sources */,
			);
			runOnlyForDeploymentPostprocessing = 0;
		};
		08CD8B8C1B338A7500F7E530 /* Sources */ = {
			isa = PBXSourcesBuildPhase;
			buildActionMask = 2147483647;
			files = (
				08CD8BAC1B338BAC00F7E530 /* StockOrEtfTradeTest.m in Sources */,
			);
			runOnlyForDeploymentPostprocessing = 0;
		};
/* End PBXSourcesBuildPhase section */

/* Begin PBXTargetDependency section */
		08ABD74F1B6FC11C008FE4DB /* PBXTargetDependency */ = {
			isa = PBXTargetDependency;
			target = 08CD8B841B338A7500F7E530 /* TradeItIosEmsApi */;
			targetProxy = 08ABD74E1B6FC11C008FE4DB /* PBXContainerItemProxy */;
		};
		08CD8B931B338A7500F7E530 /* PBXTargetDependency */ = {
			isa = PBXTargetDependency;
			target = 08CD8B841B338A7500F7E530 /* TradeItIosEmsApi */;
			targetProxy = 08CD8B921B338A7500F7E530 /* PBXContainerItemProxy */;
		};
/* End PBXTargetDependency section */

/* Begin XCBuildConfiguration section */
		0864CD221B41F107002F10A1 /* Debug */ = {
			isa = XCBuildConfiguration;
			buildSettings = {
				PRODUCT_NAME = "$(TARGET_NAME)";
			};
			name = Debug;
		};
		0864CD231B41F107002F10A1 /* Release */ = {
			isa = XCBuildConfiguration;
			buildSettings = {
				ONLY_ACTIVE_ARCH = YES;
				PRODUCT_NAME = "$(TARGET_NAME)";
			};
			name = Release;
		};
		08CD8B971B338A7500F7E530 /* Debug */ = {
			isa = XCBuildConfiguration;
			buildSettings = {
				ALWAYS_SEARCH_USER_PATHS = NO;
				CLANG_CXX_LANGUAGE_STANDARD = "gnu++0x";
				CLANG_CXX_LIBRARY = "libc++";
				CLANG_ENABLE_MODULES = YES;
				CLANG_ENABLE_OBJC_ARC = YES;
				CLANG_WARN_BOOL_CONVERSION = YES;
				CLANG_WARN_CONSTANT_CONVERSION = YES;
				CLANG_WARN_DIRECT_OBJC_ISA_USAGE = YES_ERROR;
				CLANG_WARN_EMPTY_BODY = YES;
				CLANG_WARN_ENUM_CONVERSION = YES;
				CLANG_WARN_INT_CONVERSION = YES;
				CLANG_WARN_OBJC_ROOT_CLASS = YES_ERROR;
				CLANG_WARN_UNREACHABLE_CODE = YES;
				CLANG_WARN__DUPLICATE_METHOD_MATCH = YES;
				COPY_PHASE_STRIP = NO;
				DEBUG_INFORMATION_FORMAT = "dwarf-with-dsym";
				ENABLE_STRICT_OBJC_MSGSEND = YES;
				ENABLE_TESTABILITY = YES;
				GCC_C_LANGUAGE_STANDARD = gnu99;
				GCC_DYNAMIC_NO_PIC = NO;
				GCC_NO_COMMON_BLOCKS = YES;
				GCC_OPTIMIZATION_LEVEL = 0;
				GCC_PREPROCESSOR_DEFINITIONS = (
					"DEBUG=1",
					"$(inherited)",
				);
				GCC_SYMBOLS_PRIVATE_EXTERN = NO;
				GCC_WARN_64_TO_32_BIT_CONVERSION = YES;
				GCC_WARN_ABOUT_RETURN_TYPE = YES_ERROR;
				GCC_WARN_UNDECLARED_SELECTOR = YES;
				GCC_WARN_UNINITIALIZED_AUTOS = YES_AGGRESSIVE;
				GCC_WARN_UNUSED_FUNCTION = YES;
				GCC_WARN_UNUSED_VARIABLE = YES;
				IPHONEOS_DEPLOYMENT_TARGET = 8.3;
				MTL_ENABLE_DEBUG_INFO = YES;
				ONLY_ACTIVE_ARCH = YES;
				SDKROOT = iphoneos;
			};
			name = Debug;
		};
		08CD8B981B338A7500F7E530 /* Release */ = {
			isa = XCBuildConfiguration;
			buildSettings = {
				ALWAYS_SEARCH_USER_PATHS = NO;
				CLANG_CXX_LANGUAGE_STANDARD = "gnu++0x";
				CLANG_CXX_LIBRARY = "libc++";
				CLANG_ENABLE_MODULES = YES;
				CLANG_ENABLE_OBJC_ARC = YES;
				CLANG_WARN_BOOL_CONVERSION = YES;
				CLANG_WARN_CONSTANT_CONVERSION = YES;
				CLANG_WARN_DIRECT_OBJC_ISA_USAGE = YES_ERROR;
				CLANG_WARN_EMPTY_BODY = YES;
				CLANG_WARN_ENUM_CONVERSION = YES;
				CLANG_WARN_INT_CONVERSION = YES;
				CLANG_WARN_OBJC_ROOT_CLASS = YES_ERROR;
				CLANG_WARN_UNREACHABLE_CODE = YES;
				CLANG_WARN__DUPLICATE_METHOD_MATCH = YES;
				COPY_PHASE_STRIP = NO;
				DEBUG_INFORMATION_FORMAT = "dwarf-with-dsym";
				ENABLE_NS_ASSERTIONS = NO;
				ENABLE_STRICT_OBJC_MSGSEND = YES;
				GCC_C_LANGUAGE_STANDARD = gnu99;
				GCC_NO_COMMON_BLOCKS = YES;
				GCC_WARN_64_TO_32_BIT_CONVERSION = YES;
				GCC_WARN_ABOUT_RETURN_TYPE = YES_ERROR;
				GCC_WARN_UNDECLARED_SELECTOR = YES;
				GCC_WARN_UNINITIALIZED_AUTOS = YES_AGGRESSIVE;
				GCC_WARN_UNUSED_FUNCTION = YES;
				GCC_WARN_UNUSED_VARIABLE = YES;
				IPHONEOS_DEPLOYMENT_TARGET = 8.3;
				MTL_ENABLE_DEBUG_INFO = NO;
				SDKROOT = iphoneos;
				VALIDATE_PRODUCT = YES;
			};
			name = Release;
		};
		08CD8B9A1B338A7500F7E530 /* Debug */ = {
			isa = XCBuildConfiguration;
			buildSettings = {
				IPHONEOS_DEPLOYMENT_TARGET = 8.3;
				ONLY_ACTIVE_ARCH = YES;
				OTHER_LDFLAGS = "";
				PRIVATE_HEADERS_FOLDER_PATH = include;
				PRODUCT_NAME = "$(TARGET_NAME)";
				PUBLIC_HEADERS_FOLDER_PATH = include;
				SKIP_INSTALL = YES;
			};
			name = Debug;
		};
		08CD8B9B1B338A7500F7E530 /* Release */ = {
			isa = XCBuildConfiguration;
			buildSettings = {
				IPHONEOS_DEPLOYMENT_TARGET = 8.3;
				ONLY_ACTIVE_ARCH = YES;
				OTHER_LDFLAGS = "";
				PRIVATE_HEADERS_FOLDER_PATH = include;
				PRODUCT_NAME = "$(TARGET_NAME)";
				PUBLIC_HEADERS_FOLDER_PATH = include;
				SKIP_INSTALL = YES;
			};
			name = Release;
		};
		08CD8B9D1B338A7500F7E530 /* Debug */ = {
			isa = XCBuildConfiguration;
			buildSettings = {
				"CODE_SIGN_IDENTITY[sdk=iphoneos*]" = "iPhone Developer";
				FRAMEWORK_SEARCH_PATHS = "";
				GCC_PREPROCESSOR_DEFINITIONS = (
					"DEBUG=1",
					"$(inherited)",
				);
				INFOPLIST_FILE = TradeItIosEmsApiTests/Info.plist;
				LD_RUNPATH_SEARCH_PATHS = "$(inherited) @executable_path/Frameworks @loader_path/Frameworks";
				PRODUCT_BUNDLE_IDENTIFIER = "com.tradeit.$(PRODUCT_NAME:rfc1034identifier)";
				PRODUCT_NAME = "$(TARGET_NAME)";
			};
			name = Debug;
		};
		08CD8B9E1B338A7500F7E530 /* Release */ = {
			isa = XCBuildConfiguration;
			buildSettings = {
				"CODE_SIGN_IDENTITY[sdk=iphoneos*]" = "iPhone Developer";
				FRAMEWORK_SEARCH_PATHS = "";
				INFOPLIST_FILE = TradeItIosEmsApiTests/Info.plist;
				LD_RUNPATH_SEARCH_PATHS = "$(inherited) @executable_path/Frameworks @loader_path/Frameworks";
				PRODUCT_BUNDLE_IDENTIFIER = "com.tradeit.$(PRODUCT_NAME:rfc1034identifier)";
				PRODUCT_NAME = "$(TARGET_NAME)";
			};
			name = Release;
		};
/* End XCBuildConfiguration section */

/* Begin XCConfigurationList section */
		0864CD241B41F107002F10A1 /* Build configuration list for PBXAggregateTarget "UniversalLib" */ = {
			isa = XCConfigurationList;
			buildConfigurations = (
				0864CD221B41F107002F10A1 /* Debug */,
				0864CD231B41F107002F10A1 /* Release */,
			);
			defaultConfigurationIsVisible = 0;
			defaultConfigurationName = Release;
		};
		08CD8B801B338A7500F7E530 /* Build configuration list for PBXProject "TradeItIosEmsApi" */ = {
			isa = XCConfigurationList;
			buildConfigurations = (
				08CD8B971B338A7500F7E530 /* Debug */,
				08CD8B981B338A7500F7E530 /* Release */,
			);
			defaultConfigurationIsVisible = 0;
			defaultConfigurationName = Release;
		};
		08CD8B991B338A7500F7E530 /* Build configuration list for PBXNativeTarget "TradeItIosEmsApi" */ = {
			isa = XCConfigurationList;
			buildConfigurations = (
				08CD8B9A1B338A7500F7E530 /* Debug */,
				08CD8B9B1B338A7500F7E530 /* Release */,
			);
			defaultConfigurationIsVisible = 0;
			defaultConfigurationName = Release;
		};
		08CD8B9C1B338A7500F7E530 /* Build configuration list for PBXNativeTarget "TradeItIosEmsApiTests" */ = {
			isa = XCConfigurationList;
			buildConfigurations = (
				08CD8B9D1B338A7500F7E530 /* Debug */,
				08CD8B9E1B338A7500F7E530 /* Release */,
			);
			defaultConfigurationIsVisible = 0;
			defaultConfigurationName = Release;
		};
/* End XCConfigurationList section */
	};
	rootObject = 08CD8B7D1B338A7500F7E530 /* Project object */;
}
